
Microsoft Visual Studio Solution File, Format Version 12.00
# Visual Studio Version 17
VisualStudioVersion = 17.9.34902.65
MinimumVisualStudioVersion = 10.0.40219.1
Project("{8BC9CEB8-8B4A-11D0-8D11-00A0C91BC942}") = "AConsoleApplication", "AConsoleApplication\AConsoleApplication.vcxproj", "{A01B077B-66A9-4182-944B-F0EC0DE2A027}"
EndProject
Project("{8BC9CEB8-8B4A-11D0-8D11-00A0C91BC942}") = "WindowsAPIFunctions", "WindowsAPIFunctions\WindowsAPIFunctions.vcxproj", "{EBE2A705-E673-4DFC-B2E0-4B411AE15D44}"
EndProject
Project("{8BC9CEB8-8B4A-11D0-8D11-00A0C91BC942}") = "MyDynamicLinkLib", "MyDynamicLinkLib\MyDynamicLinkLib.vcxproj", "{CBE4370D-CE74-4DFC-BE99-715EB145AA15}"
EndProject
Project("{8BC9CEB8-8B4A-11D0-8D11-00A0C91BC942}") = "USBDeviceDetector", "USBDeviceDetector\USBDeviceDetector.vcxproj", "{5DBD7DBC-4BA1-44FD-BB05-39B11E5208CD}"
EndProject
Project("{8BC9CEB8-8B4A-11D0-8D11-00A0C91BC942}") = "ConsoleApplication1", "ConsoleApplication1\ConsoleApplication1.vcxproj", "{22D44386-81F9-44D5-9047-7D11C216CDD1}"
EndProject
Project("{8BC9CEB8-8B4A-11D0-8D11-00A0C91BC942}") = "ConsoleApplication1UnitTests", "ConsoleApplication1UnitTests\ConsoleApplication1UnitTests.vcxproj", "{950C1D62-BFCA-45BC-9542-1746ECEA95B2}"
EndProject
Project("{8BC9CEB8-8B4A-11D0-8D11-00A0C91BC942}") = "ConsoleApplication2UserBasics", "ConsoleApplication2UserBasics\ConsoleApplication2UserBasics.vcxproj", "{53680DC7-680F-4861-99B5-3CD30351CBD2}"
EndProject
Project("{8BC9CEB8-8B4A-11D0-8D11-00A0C91BC942}") = "ConsoleApplication3Security", "ConsoleApplication3Security\ConsoleApplication3Security.vcxproj", "{F7D2BF2F-BF2A-4D08-90FD-D8CA95683DC3}"
EndProject
Project("{8BC9CEB8-8B4A-11D0-8D11-00A0C91BC942}") = "Win32UI", "Win32UI\Win32UI.vcxproj", "{CBAC0346-77CC-45DD-8B85-CBB4A73CD9E6}"
EndProject
Project("{8BC9CEB8-8B4A-11D0-8D11-00A0C91BC942}") = "ConsoleApplication4Diagnostics", "ConsoleApplication4Diagnostics\ConsoleApplication4Diagnostics.vcxproj", "{7F520CEE-EBEC-40AE-B494-40F1513C43E2}"
EndProject
Project("{8BC9CEB8-8B4A-11D0-8D11-00A0C91BC942}") = "ConsoleApplication5SerialComms", "ConsoleApplication5SerialComms\ConsoleApplication5SerialComms.vcxproj", "{7B086D8A-5089-49B3-9C86-24EE7D40FFF0}"
EndProject
Project("{8BC9CEB8-8B4A-11D0-8D11-00A0C91BC942}") = "WinRTConsoleApplication1", "WinRTConsoleApplication1\WinRTConsoleApplication1.vcxproj", "{619E5585-44E6-4966-82F8-29696857FBE0}"
EndProject
Project("{8BC9CEB8-8B4A-11D0-8D11-00A0C91BC942}") = "WindowsDesktopProject1", "WindowsDesktopProject1\WindowsDesktopProject1.vcxproj", "{1D022B1C-F6FA-4785-AC88-BD5B5C362C06}"
EndProject
Project("{54435603-DBB4-11D2-8724-00A0C9A8B90C}") = "WindowsDesktopProject1Setup", "WindowsDesktopProject1Setup\WindowsDesktopProject1Setup.vdproj", "{BDB6508C-25FB-43CE-98E3-085716AB8769}"
EndProject
Project("{8BC9CEB8-8B4A-11D0-8D11-00A0C91BC942}") = "WindowsDesktopProject2", "WindowsDesktopProject2\WindowsDesktopProject2.vcxproj", "{457631F8-8779-49DF-936B-582A738FC169}"
EndProject
Project("{C7167F0D-BC9F-4E6E-AFE1-012C56B48DB5}") = "WindowsDesktopProject2SetupMSIX", "WindowsDesktopProject2SetupMSIX\WindowsDesktopProject2SetupMSIX.wapproj", "{74211BA1-D769-4E24-ADB9-2A727DC9A9A2}"
EndProject
Project("{8BC9CEB8-8B4A-11D0-8D11-00A0C91BC942}") = "WMIApplication", "WMIApplication\WMIApplication.vcxproj", "{64051B07-2ABA-4436-9F5E-6734226DB5E0}"
EndProject
Project("{8BC9CEB8-8B4A-11D0-8D11-00A0C91BC942}") = "CPPSimpleConsole", "CPPSimpleConsole\CPPSimpleConsole.vcxproj", "{E0C58E71-C459-4BA9-985C-6D73A405C63D}"
EndProject
Project("{8BC9CEB8-8B4A-11D0-8D11-00A0C91BC942}") = "CPPInterfaces", "CPPInterfaces\CPPInterfaces.vcxproj", "{1EC7CDC2-76EC-41BE-8760-7D63B7387D05}"
EndProject
Project("{8BC9CEB8-8B4A-11D0-8D11-00A0C91BC942}") = "CPPClasses", "CPPClasses\CPPClasses.vcxproj", "{50140B11-A9AB-4B36-A2F5-E345FB9002CD}"
EndProject
Project("{8BC9CEB8-8B4A-11D0-8D11-00A0C91BC942}") = "COMwithATL", "COMwithATL\COMwithATL.vcxproj", "{1957A7A6-9AB3-4742-BDAA-5C77E7B450E5}"
EndProject
Project("{8BC9CEB8-8B4A-11D0-8D11-00A0C91BC942}") = "COMwithATLPS", "COMwithATLPS\COMwithATLPS.vcxproj", "{475F5A9C-D32D-4A47-A9D2-A48E102F78FC}"
	ProjectSection(ProjectDependencies) = postProject
		{1957A7A6-9AB3-4742-BDAA-5C77E7B450E5} = {1957A7A6-9AB3-4742-BDAA-5C77E7B450E5}
	EndProjectSection
EndProject
Project("{8BC9CEB8-8B4A-11D0-8D11-00A0C91BC942}") = "COMwithATLclient", "COMwithATLclient\COMwithATLclient.vcxproj", "{615AF113-CFE0-47F1-B188-2178039BAAF0}"
EndProject
Project("{8BC9CEB8-8B4A-11D0-8D11-00A0C91BC942}") = "COMInitialConcept", "COMInitialConcept\COMInitialConcept.vcxproj", "{424C61E8-E93C-4D07-B62B-95571B843B97}"
EndProject
Project("{8BC9CEB8-8B4A-11D0-8D11-00A0C91BC942}") = "KMDFDriver1", "KMDFDriver1\KMDFDriver1.vcxproj", "{BB616E76-B6A5-482D-8E0D-08096617BD68}"
EndProject
Project("{8BC9CEB8-8B4A-11D0-8D11-00A0C91BC942}") = "COMHelloWorld", "COMHelloWorld\COMHelloWorld.vcxproj", "{2AC10033-A876-4760-8803-100397217FF4}"
EndProject
Project("{8BC9CEB8-8B4A-11D0-8D11-00A0C91BC942}") = "SimpleWindowsDesktopProject", "SimpleWindowsDesktopProject\SimpleWindowsDesktopProject.vcxproj", "{C59DB2CC-39EC-47A6-9EFF-D401A0878121}"
EndProject
Project("{8BC9CEB8-8B4A-11D0-8D11-00A0C91BC942}") = "SmartPointers", "SmartPointers\SmartPointers.vcxproj", "{3E0EAEEE-5EDF-4EF9-B772-F42B3A8B8644}"
EndProject
Project("{8BC9CEB8-8B4A-11D0-8D11-00A0C91BC942}") = "StandardTemplateLibraryDemos", "StandardTemplateLibraryDemos\StandardTemplateLibraryDemos.vcxproj", "{550E69BB-B5A8-40CE-A1BD-1EF6E012DC52}"
EndProject
Project("{8BC9CEB8-8B4A-11D0-8D11-00A0C91BC942}") = "COMInitialConceptDLL", "COMInitialConceptDLL\COMInitialConceptDLL.vcxproj", "{F079BFB6-8E6D-4B6D-BC1E-2FFE9148F1C7}"
EndProject
Project("{8BC9CEB8-8B4A-11D0-8D11-00A0C91BC942}") = "COMInitialConceptDLLClient", "COMInitialConceptDLLClient\COMInitialConceptDLLClient.vcxproj", "{EC2885D7-A7B6-4FFA-AC83-7CCA24A87A87}"
EndProject
Project("{8BC9CEB8-8B4A-11D0-8D11-00A0C91BC942}") = "ADOMSSQLDemo", "ADOMSSQLDemo\ADOMSSQLDemo.vcxproj", "{3F31993F-C2E7-4A13-92C9-0CF19A935035}"
EndProject
Project("{8BC9CEB8-8B4A-11D0-8D11-00A0C91BC942}") = "COMRPCServer", "COMRPCServer\COMRPCServer.vcxproj", "{4C6400E6-566C-44E3-A1C5-67A3C1A5555C}"
EndProject
Project("{8BC9CEB8-8B4A-11D0-8D11-00A0C91BC942}") = "COMRPCServerPS", "COMRPCServerPS\COMRPCServerPS.vcxproj", "{57E46CD0-3C7A-4757-84A6-E1AFD003BCF3}"
	ProjectSection(ProjectDependencies) = postProject
		{4C6400E6-566C-44E3-A1C5-67A3C1A5555C} = {4C6400E6-566C-44E3-A1C5-67A3C1A5555C}
	EndProjectSection
EndProject
Project("{8BC9CEB8-8B4A-11D0-8D11-00A0C91BC942}") = "COMRPCServerClient", "COMRPCServerClient\COMRPCServerClient.vcxproj", "{077D27B1-593F-4559-9B1A-F3DCDFFDCB85}"
EndProject
Project("{8BC9CEB8-8B4A-11D0-8D11-00A0C91BC942}") = "BluetoothEnumerator", "BluetoothEnumerator\BluetoothEnumerator.vcxproj", "{21911059-2969-4CC7-8EE3-0A3B5682E677}"
EndProject
Project("{8BC9CEB8-8B4A-11D0-8D11-00A0C91BC942}") = "WebcamShow", "WebcamShow\WebcamShow.vcxproj", "{A93E2B08-9E4C-4451-92A4-EE24EB8A5D57}"
EndProject
Global
	GlobalSection(SolutionConfigurationPlatforms) = preSolution
		Debug|Any CPU = Debug|Any CPU
		Debug|ARM = Debug|ARM
		Debug|ARM64 = Debug|ARM64
		Debug|x64 = Debug|x64
		Debug|x86 = Debug|x86
		Release|Any CPU = Release|Any CPU
		Release|ARM = Release|ARM
		Release|ARM64 = Release|ARM64
		Release|x64 = Release|x64
		Release|x86 = Release|x86
	EndGlobalSection
	GlobalSection(ProjectConfigurationPlatforms) = postSolution
		{A01B077B-66A9-4182-944B-F0EC0DE2A027}.Debug|Any CPU.ActiveCfg = Debug|x64
		{A01B077B-66A9-4182-944B-F0EC0DE2A027}.Debug|Any CPU.Build.0 = Debug|x64
		{A01B077B-66A9-4182-944B-F0EC0DE2A027}.Debug|ARM.ActiveCfg = Debug|x64
		{A01B077B-66A9-4182-944B-F0EC0DE2A027}.Debug|ARM.Build.0 = Debug|x64
		{A01B077B-66A9-4182-944B-F0EC0DE2A027}.Debug|ARM64.ActiveCfg = Debug|x64
		{A01B077B-66A9-4182-944B-F0EC0DE2A027}.Debug|ARM64.Build.0 = Debug|x64
		{A01B077B-66A9-4182-944B-F0EC0DE2A027}.Debug|x64.ActiveCfg = Debug|x64
		{A01B077B-66A9-4182-944B-F0EC0DE2A027}.Debug|x64.Build.0 = Debug|x64
		{A01B077B-66A9-4182-944B-F0EC0DE2A027}.Debug|x86.ActiveCfg = Debug|Win32
		{A01B077B-66A9-4182-944B-F0EC0DE2A027}.Debug|x86.Build.0 = Debug|Win32
		{A01B077B-66A9-4182-944B-F0EC0DE2A027}.Release|Any CPU.ActiveCfg = Release|x64
		{A01B077B-66A9-4182-944B-F0EC0DE2A027}.Release|Any CPU.Build.0 = Release|x64
		{A01B077B-66A9-4182-944B-F0EC0DE2A027}.Release|ARM.ActiveCfg = Release|x64
		{A01B077B-66A9-4182-944B-F0EC0DE2A027}.Release|ARM.Build.0 = Release|x64
		{A01B077B-66A9-4182-944B-F0EC0DE2A027}.Release|ARM64.ActiveCfg = Release|x64
		{A01B077B-66A9-4182-944B-F0EC0DE2A027}.Release|ARM64.Build.0 = Release|x64
		{A01B077B-66A9-4182-944B-F0EC0DE2A027}.Release|x64.ActiveCfg = Release|x64
		{A01B077B-66A9-4182-944B-F0EC0DE2A027}.Release|x64.Build.0 = Release|x64
		{A01B077B-66A9-4182-944B-F0EC0DE2A027}.Release|x86.ActiveCfg = Release|Win32
		{A01B077B-66A9-4182-944B-F0EC0DE2A027}.Release|x86.Build.0 = Release|Win32
		{EBE2A705-E673-4DFC-B2E0-4B411AE15D44}.Debug|Any CPU.ActiveCfg = Debug|x64
		{EBE2A705-E673-4DFC-B2E0-4B411AE15D44}.Debug|Any CPU.Build.0 = Debug|x64
		{EBE2A705-E673-4DFC-B2E0-4B411AE15D44}.Debug|ARM.ActiveCfg = Debug|x64
		{EBE2A705-E673-4DFC-B2E0-4B411AE15D44}.Debug|ARM.Build.0 = Debug|x64
		{EBE2A705-E673-4DFC-B2E0-4B411AE15D44}.Debug|ARM64.ActiveCfg = Debug|x64
		{EBE2A705-E673-4DFC-B2E0-4B411AE15D44}.Debug|ARM64.Build.0 = Debug|x64
		{EBE2A705-E673-4DFC-B2E0-4B411AE15D44}.Debug|x64.ActiveCfg = Debug|x64
		{EBE2A705-E673-4DFC-B2E0-4B411AE15D44}.Debug|x64.Build.0 = Debug|x64
		{EBE2A705-E673-4DFC-B2E0-4B411AE15D44}.Debug|x86.ActiveCfg = Debug|Win32
		{EBE2A705-E673-4DFC-B2E0-4B411AE15D44}.Debug|x86.Build.0 = Debug|Win32
		{EBE2A705-E673-4DFC-B2E0-4B411AE15D44}.Release|Any CPU.ActiveCfg = Release|x64
		{EBE2A705-E673-4DFC-B2E0-4B411AE15D44}.Release|Any CPU.Build.0 = Release|x64
		{EBE2A705-E673-4DFC-B2E0-4B411AE15D44}.Release|ARM.ActiveCfg = Release|x64
		{EBE2A705-E673-4DFC-B2E0-4B411AE15D44}.Release|ARM.Build.0 = Release|x64
		{EBE2A705-E673-4DFC-B2E0-4B411AE15D44}.Release|ARM64.ActiveCfg = Release|x64
		{EBE2A705-E673-4DFC-B2E0-4B411AE15D44}.Release|ARM64.Build.0 = Release|x64
		{EBE2A705-E673-4DFC-B2E0-4B411AE15D44}.Release|x64.ActiveCfg = Release|x64
		{EBE2A705-E673-4DFC-B2E0-4B411AE15D44}.Release|x64.Build.0 = Release|x64
		{EBE2A705-E673-4DFC-B2E0-4B411AE15D44}.Release|x86.ActiveCfg = Release|Win32
		{EBE2A705-E673-4DFC-B2E0-4B411AE15D44}.Release|x86.Build.0 = Release|Win32
		{CBE4370D-CE74-4DFC-BE99-715EB145AA15}.Debug|Any CPU.ActiveCfg = Debug|x64
		{CBE4370D-CE74-4DFC-BE99-715EB145AA15}.Debug|Any CPU.Build.0 = Debug|x64
		{CBE4370D-CE74-4DFC-BE99-715EB145AA15}.Debug|ARM.ActiveCfg = Debug|x64
		{CBE4370D-CE74-4DFC-BE99-715EB145AA15}.Debug|ARM.Build.0 = Debug|x64
		{CBE4370D-CE74-4DFC-BE99-715EB145AA15}.Debug|ARM64.ActiveCfg = Debug|x64
		{CBE4370D-CE74-4DFC-BE99-715EB145AA15}.Debug|ARM64.Build.0 = Debug|x64
		{CBE4370D-CE74-4DFC-BE99-715EB145AA15}.Debug|x64.ActiveCfg = Debug|x64
		{CBE4370D-CE74-4DFC-BE99-715EB145AA15}.Debug|x64.Build.0 = Debug|x64
		{CBE4370D-CE74-4DFC-BE99-715EB145AA15}.Debug|x86.ActiveCfg = Debug|Win32
		{CBE4370D-CE74-4DFC-BE99-715EB145AA15}.Debug|x86.Build.0 = Debug|Win32
		{CBE4370D-CE74-4DFC-BE99-715EB145AA15}.Release|Any CPU.ActiveCfg = Release|x64
		{CBE4370D-CE74-4DFC-BE99-715EB145AA15}.Release|Any CPU.Build.0 = Release|x64
		{CBE4370D-CE74-4DFC-BE99-715EB145AA15}.Release|ARM.ActiveCfg = Release|x64
		{CBE4370D-CE74-4DFC-BE99-715EB145AA15}.Release|ARM.Build.0 = Release|x64
		{CBE4370D-CE74-4DFC-BE99-715EB145AA15}.Release|ARM64.ActiveCfg = Release|x64
		{CBE4370D-CE74-4DFC-BE99-715EB145AA15}.Release|ARM64.Build.0 = Release|x64
		{CBE4370D-CE74-4DFC-BE99-715EB145AA15}.Release|x64.ActiveCfg = Release|x64
		{CBE4370D-CE74-4DFC-BE99-715EB145AA15}.Release|x64.Build.0 = Release|x64
		{CBE4370D-CE74-4DFC-BE99-715EB145AA15}.Release|x86.ActiveCfg = Release|Win32
		{CBE4370D-CE74-4DFC-BE99-715EB145AA15}.Release|x86.Build.0 = Release|Win32
		{5DBD7DBC-4BA1-44FD-BB05-39B11E5208CD}.Debug|Any CPU.ActiveCfg = Debug|x64
		{5DBD7DBC-4BA1-44FD-BB05-39B11E5208CD}.Debug|Any CPU.Build.0 = Debug|x64
		{5DBD7DBC-4BA1-44FD-BB05-39B11E5208CD}.Debug|ARM.ActiveCfg = Debug|x64
		{5DBD7DBC-4BA1-44FD-BB05-39B11E5208CD}.Debug|ARM.Build.0 = Debug|x64
		{5DBD7DBC-4BA1-44FD-BB05-39B11E5208CD}.Debug|ARM64.ActiveCfg = Debug|x64
		{5DBD7DBC-4BA1-44FD-BB05-39B11E5208CD}.Debug|ARM64.Build.0 = Debug|x64
		{5DBD7DBC-4BA1-44FD-BB05-39B11E5208CD}.Debug|x64.ActiveCfg = Debug|x64
		{5DBD7DBC-4BA1-44FD-BB05-39B11E5208CD}.Debug|x64.Build.0 = Debug|x64
		{5DBD7DBC-4BA1-44FD-BB05-39B11E5208CD}.Debug|x86.ActiveCfg = Debug|Win32
		{5DBD7DBC-4BA1-44FD-BB05-39B11E5208CD}.Debug|x86.Build.0 = Debug|Win32
		{5DBD7DBC-4BA1-44FD-BB05-39B11E5208CD}.Release|Any CPU.ActiveCfg = Release|x64
		{5DBD7DBC-4BA1-44FD-BB05-39B11E5208CD}.Release|Any CPU.Build.0 = Release|x64
		{5DBD7DBC-4BA1-44FD-BB05-39B11E5208CD}.Release|ARM.ActiveCfg = Release|x64
		{5DBD7DBC-4BA1-44FD-BB05-39B11E5208CD}.Release|ARM.Build.0 = Release|x64
		{5DBD7DBC-4BA1-44FD-BB05-39B11E5208CD}.Release|ARM64.ActiveCfg = Release|x64
		{5DBD7DBC-4BA1-44FD-BB05-39B11E5208CD}.Release|ARM64.Build.0 = Release|x64
		{5DBD7DBC-4BA1-44FD-BB05-39B11E5208CD}.Release|x64.ActiveCfg = Release|x64
		{5DBD7DBC-4BA1-44FD-BB05-39B11E5208CD}.Release|x64.Build.0 = Release|x64
		{5DBD7DBC-4BA1-44FD-BB05-39B11E5208CD}.Release|x86.ActiveCfg = Release|Win32
		{5DBD7DBC-4BA1-44FD-BB05-39B11E5208CD}.Release|x86.Build.0 = Release|Win32
		{22D44386-81F9-44D5-9047-7D11C216CDD1}.Debug|Any CPU.ActiveCfg = Debug|x64
		{22D44386-81F9-44D5-9047-7D11C216CDD1}.Debug|Any CPU.Build.0 = Debug|x64
		{22D44386-81F9-44D5-9047-7D11C216CDD1}.Debug|ARM.ActiveCfg = Debug|x64
		{22D44386-81F9-44D5-9047-7D11C216CDD1}.Debug|ARM.Build.0 = Debug|x64
		{22D44386-81F9-44D5-9047-7D11C216CDD1}.Debug|ARM64.ActiveCfg = Debug|x64
		{22D44386-81F9-44D5-9047-7D11C216CDD1}.Debug|ARM64.Build.0 = Debug|x64
		{22D44386-81F9-44D5-9047-7D11C216CDD1}.Debug|x64.ActiveCfg = Debug|x64
		{22D44386-81F9-44D5-9047-7D11C216CDD1}.Debug|x64.Build.0 = Debug|x64
		{22D44386-81F9-44D5-9047-7D11C216CDD1}.Debug|x86.ActiveCfg = Debug|Win32
		{22D44386-81F9-44D5-9047-7D11C216CDD1}.Debug|x86.Build.0 = Debug|Win32
		{22D44386-81F9-44D5-9047-7D11C216CDD1}.Release|Any CPU.ActiveCfg = Release|x64
		{22D44386-81F9-44D5-9047-7D11C216CDD1}.Release|Any CPU.Build.0 = Release|x64
		{22D44386-81F9-44D5-9047-7D11C216CDD1}.Release|ARM.ActiveCfg = Release|x64
		{22D44386-81F9-44D5-9047-7D11C216CDD1}.Release|ARM.Build.0 = Release|x64
		{22D44386-81F9-44D5-9047-7D11C216CDD1}.Release|ARM64.ActiveCfg = Release|x64
		{22D44386-81F9-44D5-9047-7D11C216CDD1}.Release|ARM64.Build.0 = Release|x64
		{22D44386-81F9-44D5-9047-7D11C216CDD1}.Release|x64.ActiveCfg = Release|x64
		{22D44386-81F9-44D5-9047-7D11C216CDD1}.Release|x64.Build.0 = Release|x64
		{22D44386-81F9-44D5-9047-7D11C216CDD1}.Release|x86.ActiveCfg = Release|Win32
		{22D44386-81F9-44D5-9047-7D11C216CDD1}.Release|x86.Build.0 = Release|Win32
		{950C1D62-BFCA-45BC-9542-1746ECEA95B2}.Debug|Any CPU.ActiveCfg = Debug|x64
		{950C1D62-BFCA-45BC-9542-1746ECEA95B2}.Debug|Any CPU.Build.0 = Debug|x64
		{950C1D62-BFCA-45BC-9542-1746ECEA95B2}.Debug|ARM.ActiveCfg = Debug|x64
		{950C1D62-BFCA-45BC-9542-1746ECEA95B2}.Debug|ARM.Build.0 = Debug|x64
		{950C1D62-BFCA-45BC-9542-1746ECEA95B2}.Debug|ARM64.ActiveCfg = Debug|x64
		{950C1D62-BFCA-45BC-9542-1746ECEA95B2}.Debug|ARM64.Build.0 = Debug|x64
		{950C1D62-BFCA-45BC-9542-1746ECEA95B2}.Debug|x64.ActiveCfg = Debug|x64
		{950C1D62-BFCA-45BC-9542-1746ECEA95B2}.Debug|x64.Build.0 = Debug|x64
		{950C1D62-BFCA-45BC-9542-1746ECEA95B2}.Debug|x86.ActiveCfg = Debug|Win32
		{950C1D62-BFCA-45BC-9542-1746ECEA95B2}.Debug|x86.Build.0 = Debug|Win32
		{950C1D62-BFCA-45BC-9542-1746ECEA95B2}.Release|Any CPU.ActiveCfg = Release|x64
		{950C1D62-BFCA-45BC-9542-1746ECEA95B2}.Release|Any CPU.Build.0 = Release|x64
		{950C1D62-BFCA-45BC-9542-1746ECEA95B2}.Release|ARM.ActiveCfg = Release|x64
		{950C1D62-BFCA-45BC-9542-1746ECEA95B2}.Release|ARM.Build.0 = Release|x64
		{950C1D62-BFCA-45BC-9542-1746ECEA95B2}.Release|ARM64.ActiveCfg = Release|x64
		{950C1D62-BFCA-45BC-9542-1746ECEA95B2}.Release|ARM64.Build.0 = Release|x64
		{950C1D62-BFCA-45BC-9542-1746ECEA95B2}.Release|x64.ActiveCfg = Release|x64
		{950C1D62-BFCA-45BC-9542-1746ECEA95B2}.Release|x64.Build.0 = Release|x64
		{950C1D62-BFCA-45BC-9542-1746ECEA95B2}.Release|x86.ActiveCfg = Release|Win32
		{950C1D62-BFCA-45BC-9542-1746ECEA95B2}.Release|x86.Build.0 = Release|Win32
		{53680DC7-680F-4861-99B5-3CD30351CBD2}.Debug|Any CPU.ActiveCfg = Debug|x64
		{53680DC7-680F-4861-99B5-3CD30351CBD2}.Debug|Any CPU.Build.0 = Debug|x64
		{53680DC7-680F-4861-99B5-3CD30351CBD2}.Debug|ARM.ActiveCfg = Debug|x64
		{53680DC7-680F-4861-99B5-3CD30351CBD2}.Debug|ARM.Build.0 = Debug|x64
		{53680DC7-680F-4861-99B5-3CD30351CBD2}.Debug|ARM64.ActiveCfg = Debug|x64
		{53680DC7-680F-4861-99B5-3CD30351CBD2}.Debug|ARM64.Build.0 = Debug|x64
		{53680DC7-680F-4861-99B5-3CD30351CBD2}.Debug|x64.ActiveCfg = Debug|x64
		{53680DC7-680F-4861-99B5-3CD30351CBD2}.Debug|x64.Build.0 = Debug|x64
		{53680DC7-680F-4861-99B5-3CD30351CBD2}.Debug|x86.ActiveCfg = Debug|Win32
		{53680DC7-680F-4861-99B5-3CD30351CBD2}.Debug|x86.Build.0 = Debug|Win32
		{53680DC7-680F-4861-99B5-3CD30351CBD2}.Release|Any CPU.ActiveCfg = Release|x64
		{53680DC7-680F-4861-99B5-3CD30351CBD2}.Release|Any CPU.Build.0 = Release|x64
		{53680DC7-680F-4861-99B5-3CD30351CBD2}.Release|ARM.ActiveCfg = Release|x64
		{53680DC7-680F-4861-99B5-3CD30351CBD2}.Release|ARM.Build.0 = Release|x64
		{53680DC7-680F-4861-99B5-3CD30351CBD2}.Release|ARM64.ActiveCfg = Release|x64
		{53680DC7-680F-4861-99B5-3CD30351CBD2}.Release|ARM64.Build.0 = Release|x64
		{53680DC7-680F-4861-99B5-3CD30351CBD2}.Release|x64.ActiveCfg = Release|x64
		{53680DC7-680F-4861-99B5-3CD30351CBD2}.Release|x64.Build.0 = Release|x64
		{53680DC7-680F-4861-99B5-3CD30351CBD2}.Release|x86.ActiveCfg = Release|Win32
		{53680DC7-680F-4861-99B5-3CD30351CBD2}.Release|x86.Build.0 = Release|Win32
		{F7D2BF2F-BF2A-4D08-90FD-D8CA95683DC3}.Debug|Any CPU.ActiveCfg = Debug|x64
		{F7D2BF2F-BF2A-4D08-90FD-D8CA95683DC3}.Debug|Any CPU.Build.0 = Debug|x64
		{F7D2BF2F-BF2A-4D08-90FD-D8CA95683DC3}.Debug|ARM.ActiveCfg = Debug|x64
		{F7D2BF2F-BF2A-4D08-90FD-D8CA95683DC3}.Debug|ARM.Build.0 = Debug|x64
		{F7D2BF2F-BF2A-4D08-90FD-D8CA95683DC3}.Debug|ARM64.ActiveCfg = Debug|x64
		{F7D2BF2F-BF2A-4D08-90FD-D8CA95683DC3}.Debug|ARM64.Build.0 = Debug|x64
		{F7D2BF2F-BF2A-4D08-90FD-D8CA95683DC3}.Debug|x64.ActiveCfg = Debug|x64
		{F7D2BF2F-BF2A-4D08-90FD-D8CA95683DC3}.Debug|x64.Build.0 = Debug|x64
		{F7D2BF2F-BF2A-4D08-90FD-D8CA95683DC3}.Debug|x86.ActiveCfg = Debug|Win32
		{F7D2BF2F-BF2A-4D08-90FD-D8CA95683DC3}.Debug|x86.Build.0 = Debug|Win32
		{F7D2BF2F-BF2A-4D08-90FD-D8CA95683DC3}.Release|Any CPU.ActiveCfg = Release|x64
		{F7D2BF2F-BF2A-4D08-90FD-D8CA95683DC3}.Release|Any CPU.Build.0 = Release|x64
		{F7D2BF2F-BF2A-4D08-90FD-D8CA95683DC3}.Release|ARM.ActiveCfg = Release|x64
		{F7D2BF2F-BF2A-4D08-90FD-D8CA95683DC3}.Release|ARM.Build.0 = Release|x64
		{F7D2BF2F-BF2A-4D08-90FD-D8CA95683DC3}.Release|ARM64.ActiveCfg = Release|x64
		{F7D2BF2F-BF2A-4D08-90FD-D8CA95683DC3}.Release|ARM64.Build.0 = Release|x64
		{F7D2BF2F-BF2A-4D08-90FD-D8CA95683DC3}.Release|x64.ActiveCfg = Release|x64
		{F7D2BF2F-BF2A-4D08-90FD-D8CA95683DC3}.Release|x64.Build.0 = Release|x64
		{F7D2BF2F-BF2A-4D08-90FD-D8CA95683DC3}.Release|x86.ActiveCfg = Release|Win32
		{F7D2BF2F-BF2A-4D08-90FD-D8CA95683DC3}.Release|x86.Build.0 = Release|Win32
		{CBAC0346-77CC-45DD-8B85-CBB4A73CD9E6}.Debug|Any CPU.ActiveCfg = Debug|x64
		{CBAC0346-77CC-45DD-8B85-CBB4A73CD9E6}.Debug|Any CPU.Build.0 = Debug|x64
		{CBAC0346-77CC-45DD-8B85-CBB4A73CD9E6}.Debug|ARM.ActiveCfg = Debug|x64
		{CBAC0346-77CC-45DD-8B85-CBB4A73CD9E6}.Debug|ARM.Build.0 = Debug|x64
		{CBAC0346-77CC-45DD-8B85-CBB4A73CD9E6}.Debug|ARM64.ActiveCfg = Debug|x64
		{CBAC0346-77CC-45DD-8B85-CBB4A73CD9E6}.Debug|ARM64.Build.0 = Debug|x64
		{CBAC0346-77CC-45DD-8B85-CBB4A73CD9E6}.Debug|x64.ActiveCfg = Debug|x64
		{CBAC0346-77CC-45DD-8B85-CBB4A73CD9E6}.Debug|x64.Build.0 = Debug|x64
		{CBAC0346-77CC-45DD-8B85-CBB4A73CD9E6}.Debug|x86.ActiveCfg = Debug|Win32
		{CBAC0346-77CC-45DD-8B85-CBB4A73CD9E6}.Debug|x86.Build.0 = Debug|Win32
		{CBAC0346-77CC-45DD-8B85-CBB4A73CD9E6}.Release|Any CPU.ActiveCfg = Release|x64
		{CBAC0346-77CC-45DD-8B85-CBB4A73CD9E6}.Release|Any CPU.Build.0 = Release|x64
		{CBAC0346-77CC-45DD-8B85-CBB4A73CD9E6}.Release|ARM.ActiveCfg = Release|x64
		{CBAC0346-77CC-45DD-8B85-CBB4A73CD9E6}.Release|ARM.Build.0 = Release|x64
		{CBAC0346-77CC-45DD-8B85-CBB4A73CD9E6}.Release|ARM64.ActiveCfg = Release|x64
		{CBAC0346-77CC-45DD-8B85-CBB4A73CD9E6}.Release|ARM64.Build.0 = Release|x64
		{CBAC0346-77CC-45DD-8B85-CBB4A73CD9E6}.Release|x64.ActiveCfg = Release|x64
		{CBAC0346-77CC-45DD-8B85-CBB4A73CD9E6}.Release|x64.Build.0 = Release|x64
		{CBAC0346-77CC-45DD-8B85-CBB4A73CD9E6}.Release|x86.ActiveCfg = Release|Win32
		{CBAC0346-77CC-45DD-8B85-CBB4A73CD9E6}.Release|x86.Build.0 = Release|Win32
		{7F520CEE-EBEC-40AE-B494-40F1513C43E2}.Debug|Any CPU.ActiveCfg = Debug|x64
		{7F520CEE-EBEC-40AE-B494-40F1513C43E2}.Debug|Any CPU.Build.0 = Debug|x64
		{7F520CEE-EBEC-40AE-B494-40F1513C43E2}.Debug|ARM.ActiveCfg = Debug|x64
		{7F520CEE-EBEC-40AE-B494-40F1513C43E2}.Debug|ARM.Build.0 = Debug|x64
		{7F520CEE-EBEC-40AE-B494-40F1513C43E2}.Debug|ARM64.ActiveCfg = Debug|x64
		{7F520CEE-EBEC-40AE-B494-40F1513C43E2}.Debug|ARM64.Build.0 = Debug|x64
		{7F520CEE-EBEC-40AE-B494-40F1513C43E2}.Debug|x64.ActiveCfg = Debug|x64
		{7F520CEE-EBEC-40AE-B494-40F1513C43E2}.Debug|x64.Build.0 = Debug|x64
		{7F520CEE-EBEC-40AE-B494-40F1513C43E2}.Debug|x86.ActiveCfg = Debug|Win32
		{7F520CEE-EBEC-40AE-B494-40F1513C43E2}.Debug|x86.Build.0 = Debug|Win32
		{7F520CEE-EBEC-40AE-B494-40F1513C43E2}.Release|Any CPU.ActiveCfg = Release|x64
		{7F520CEE-EBEC-40AE-B494-40F1513C43E2}.Release|Any CPU.Build.0 = Release|x64
		{7F520CEE-EBEC-40AE-B494-40F1513C43E2}.Release|ARM.ActiveCfg = Release|x64
		{7F520CEE-EBEC-40AE-B494-40F1513C43E2}.Release|ARM.Build.0 = Release|x64
		{7F520CEE-EBEC-40AE-B494-40F1513C43E2}.Release|ARM64.ActiveCfg = Release|x64
		{7F520CEE-EBEC-40AE-B494-40F1513C43E2}.Release|ARM64.Build.0 = Release|x64
		{7F520CEE-EBEC-40AE-B494-40F1513C43E2}.Release|x64.ActiveCfg = Release|x64
		{7F520CEE-EBEC-40AE-B494-40F1513C43E2}.Release|x64.Build.0 = Release|x64
		{7F520CEE-EBEC-40AE-B494-40F1513C43E2}.Release|x86.ActiveCfg = Release|Win32
		{7F520CEE-EBEC-40AE-B494-40F1513C43E2}.Release|x86.Build.0 = Release|Win32
		{7B086D8A-5089-49B3-9C86-24EE7D40FFF0}.Debug|Any CPU.ActiveCfg = Debug|x64
		{7B086D8A-5089-49B3-9C86-24EE7D40FFF0}.Debug|Any CPU.Build.0 = Debug|x64
		{7B086D8A-5089-49B3-9C86-24EE7D40FFF0}.Debug|ARM.ActiveCfg = Debug|x64
		{7B086D8A-5089-49B3-9C86-24EE7D40FFF0}.Debug|ARM.Build.0 = Debug|x64
		{7B086D8A-5089-49B3-9C86-24EE7D40FFF0}.Debug|ARM64.ActiveCfg = Debug|x64
		{7B086D8A-5089-49B3-9C86-24EE7D40FFF0}.Debug|ARM64.Build.0 = Debug|x64
		{7B086D8A-5089-49B3-9C86-24EE7D40FFF0}.Debug|x64.ActiveCfg = Debug|x64
		{7B086D8A-5089-49B3-9C86-24EE7D40FFF0}.Debug|x64.Build.0 = Debug|x64
		{7B086D8A-5089-49B3-9C86-24EE7D40FFF0}.Debug|x86.ActiveCfg = Debug|Win32
		{7B086D8A-5089-49B3-9C86-24EE7D40FFF0}.Debug|x86.Build.0 = Debug|Win32
		{7B086D8A-5089-49B3-9C86-24EE7D40FFF0}.Release|Any CPU.ActiveCfg = Release|x64
		{7B086D8A-5089-49B3-9C86-24EE7D40FFF0}.Release|Any CPU.Build.0 = Release|x64
		{7B086D8A-5089-49B3-9C86-24EE7D40FFF0}.Release|ARM.ActiveCfg = Release|x64
		{7B086D8A-5089-49B3-9C86-24EE7D40FFF0}.Release|ARM.Build.0 = Release|x64
		{7B086D8A-5089-49B3-9C86-24EE7D40FFF0}.Release|ARM64.ActiveCfg = Release|x64
		{7B086D8A-5089-49B3-9C86-24EE7D40FFF0}.Release|ARM64.Build.0 = Release|x64
		{7B086D8A-5089-49B3-9C86-24EE7D40FFF0}.Release|x64.ActiveCfg = Release|x64
		{7B086D8A-5089-49B3-9C86-24EE7D40FFF0}.Release|x64.Build.0 = Release|x64
		{7B086D8A-5089-49B3-9C86-24EE7D40FFF0}.Release|x86.ActiveCfg = Release|Win32
		{7B086D8A-5089-49B3-9C86-24EE7D40FFF0}.Release|x86.Build.0 = Release|Win32
		{619E5585-44E6-4966-82F8-29696857FBE0}.Debug|Any CPU.ActiveCfg = Debug|x64
		{619E5585-44E6-4966-82F8-29696857FBE0}.Debug|Any CPU.Build.0 = Debug|x64
		{619E5585-44E6-4966-82F8-29696857FBE0}.Debug|ARM.ActiveCfg = Debug|x64
		{619E5585-44E6-4966-82F8-29696857FBE0}.Debug|ARM.Build.0 = Debug|x64
		{619E5585-44E6-4966-82F8-29696857FBE0}.Debug|ARM64.ActiveCfg = Debug|x64
		{619E5585-44E6-4966-82F8-29696857FBE0}.Debug|ARM64.Build.0 = Debug|x64
		{619E5585-44E6-4966-82F8-29696857FBE0}.Debug|x64.ActiveCfg = Debug|x64
		{619E5585-44E6-4966-82F8-29696857FBE0}.Debug|x64.Build.0 = Debug|x64
		{619E5585-44E6-4966-82F8-29696857FBE0}.Debug|x86.ActiveCfg = Debug|Win32
		{619E5585-44E6-4966-82F8-29696857FBE0}.Debug|x86.Build.0 = Debug|Win32
		{619E5585-44E6-4966-82F8-29696857FBE0}.Release|Any CPU.ActiveCfg = Release|x64
		{619E5585-44E6-4966-82F8-29696857FBE0}.Release|Any CPU.Build.0 = Release|x64
		{619E5585-44E6-4966-82F8-29696857FBE0}.Release|ARM.ActiveCfg = Release|x64
		{619E5585-44E6-4966-82F8-29696857FBE0}.Release|ARM.Build.0 = Release|x64
		{619E5585-44E6-4966-82F8-29696857FBE0}.Release|ARM64.ActiveCfg = Release|x64
		{619E5585-44E6-4966-82F8-29696857FBE0}.Release|ARM64.Build.0 = Release|x64
		{619E5585-44E6-4966-82F8-29696857FBE0}.Release|x64.ActiveCfg = Release|x64
		{619E5585-44E6-4966-82F8-29696857FBE0}.Release|x64.Build.0 = Release|x64
		{619E5585-44E6-4966-82F8-29696857FBE0}.Release|x86.ActiveCfg = Release|Win32
		{619E5585-44E6-4966-82F8-29696857FBE0}.Release|x86.Build.0 = Release|Win32
		{1D022B1C-F6FA-4785-AC88-BD5B5C362C06}.Debug|Any CPU.ActiveCfg = Debug|x64
		{1D022B1C-F6FA-4785-AC88-BD5B5C362C06}.Debug|Any CPU.Build.0 = Debug|x64
		{1D022B1C-F6FA-4785-AC88-BD5B5C362C06}.Debug|ARM.ActiveCfg = Debug|x64
		{1D022B1C-F6FA-4785-AC88-BD5B5C362C06}.Debug|ARM.Build.0 = Debug|x64
		{1D022B1C-F6FA-4785-AC88-BD5B5C362C06}.Debug|ARM64.ActiveCfg = Debug|x64
		{1D022B1C-F6FA-4785-AC88-BD5B5C362C06}.Debug|ARM64.Build.0 = Debug|x64
		{1D022B1C-F6FA-4785-AC88-BD5B5C362C06}.Debug|x64.ActiveCfg = Debug|x64
		{1D022B1C-F6FA-4785-AC88-BD5B5C362C06}.Debug|x64.Build.0 = Debug|x64
		{1D022B1C-F6FA-4785-AC88-BD5B5C362C06}.Debug|x86.ActiveCfg = Debug|Win32
		{1D022B1C-F6FA-4785-AC88-BD5B5C362C06}.Debug|x86.Build.0 = Debug|Win32
		{1D022B1C-F6FA-4785-AC88-BD5B5C362C06}.Release|Any CPU.ActiveCfg = Release|x64
		{1D022B1C-F6FA-4785-AC88-BD5B5C362C06}.Release|Any CPU.Build.0 = Release|x64
		{1D022B1C-F6FA-4785-AC88-BD5B5C362C06}.Release|ARM.ActiveCfg = Release|x64
		{1D022B1C-F6FA-4785-AC88-BD5B5C362C06}.Release|ARM.Build.0 = Release|x64
		{1D022B1C-F6FA-4785-AC88-BD5B5C362C06}.Release|ARM64.ActiveCfg = Release|x64
		{1D022B1C-F6FA-4785-AC88-BD5B5C362C06}.Release|ARM64.Build.0 = Release|x64
		{1D022B1C-F6FA-4785-AC88-BD5B5C362C06}.Release|x64.ActiveCfg = Release|x64
		{1D022B1C-F6FA-4785-AC88-BD5B5C362C06}.Release|x64.Build.0 = Release|x64
		{1D022B1C-F6FA-4785-AC88-BD5B5C362C06}.Release|x86.ActiveCfg = Release|Win32
		{1D022B1C-F6FA-4785-AC88-BD5B5C362C06}.Release|x86.Build.0 = Release|Win32
		{BDB6508C-25FB-43CE-98E3-085716AB8769}.Debug|Any CPU.ActiveCfg = Debug
		{BDB6508C-25FB-43CE-98E3-085716AB8769}.Debug|Any CPU.Build.0 = Debug
		{BDB6508C-25FB-43CE-98E3-085716AB8769}.Debug|ARM.ActiveCfg = Debug
		{BDB6508C-25FB-43CE-98E3-085716AB8769}.Debug|ARM64.ActiveCfg = Debug
		{BDB6508C-25FB-43CE-98E3-085716AB8769}.Debug|x64.ActiveCfg = Debug
		{BDB6508C-25FB-43CE-98E3-085716AB8769}.Debug|x86.ActiveCfg = Debug
		{BDB6508C-25FB-43CE-98E3-085716AB8769}.Release|Any CPU.ActiveCfg = Release
		{BDB6508C-25FB-43CE-98E3-085716AB8769}.Release|Any CPU.Build.0 = Release
		{BDB6508C-25FB-43CE-98E3-085716AB8769}.Release|ARM.ActiveCfg = Release
		{BDB6508C-25FB-43CE-98E3-085716AB8769}.Release|ARM64.ActiveCfg = Release
		{BDB6508C-25FB-43CE-98E3-085716AB8769}.Release|x64.ActiveCfg = Release
		{BDB6508C-25FB-43CE-98E3-085716AB8769}.Release|x86.ActiveCfg = Release
		{457631F8-8779-49DF-936B-582A738FC169}.Debug|Any CPU.ActiveCfg = Debug|x64
		{457631F8-8779-49DF-936B-582A738FC169}.Debug|Any CPU.Build.0 = Debug|x64
		{457631F8-8779-49DF-936B-582A738FC169}.Debug|ARM.ActiveCfg = Debug|x64
		{457631F8-8779-49DF-936B-582A738FC169}.Debug|ARM.Build.0 = Debug|x64
		{457631F8-8779-49DF-936B-582A738FC169}.Debug|ARM64.ActiveCfg = Debug|x64
		{457631F8-8779-49DF-936B-582A738FC169}.Debug|ARM64.Build.0 = Debug|x64
		{457631F8-8779-49DF-936B-582A738FC169}.Debug|x64.ActiveCfg = Debug|x64
		{457631F8-8779-49DF-936B-582A738FC169}.Debug|x64.Build.0 = Debug|x64
		{457631F8-8779-49DF-936B-582A738FC169}.Debug|x86.ActiveCfg = Debug|Win32
		{457631F8-8779-49DF-936B-582A738FC169}.Debug|x86.Build.0 = Debug|Win32
		{457631F8-8779-49DF-936B-582A738FC169}.Release|Any CPU.ActiveCfg = Release|x64
		{457631F8-8779-49DF-936B-582A738FC169}.Release|Any CPU.Build.0 = Release|x64
		{457631F8-8779-49DF-936B-582A738FC169}.Release|ARM.ActiveCfg = Release|x64
		{457631F8-8779-49DF-936B-582A738FC169}.Release|ARM.Build.0 = Release|x64
		{457631F8-8779-49DF-936B-582A738FC169}.Release|ARM64.ActiveCfg = Release|x64
		{457631F8-8779-49DF-936B-582A738FC169}.Release|ARM64.Build.0 = Release|x64
		{457631F8-8779-49DF-936B-582A738FC169}.Release|x64.ActiveCfg = Release|x64
		{457631F8-8779-49DF-936B-582A738FC169}.Release|x64.Build.0 = Release|x64
		{457631F8-8779-49DF-936B-582A738FC169}.Release|x86.ActiveCfg = Release|Win32
		{457631F8-8779-49DF-936B-582A738FC169}.Release|x86.Build.0 = Release|Win32
		{74211BA1-D769-4E24-ADB9-2A727DC9A9A2}.Debug|Any CPU.ActiveCfg = Debug|Any CPU
		{74211BA1-D769-4E24-ADB9-2A727DC9A9A2}.Debug|Any CPU.Build.0 = Debug|Any CPU
		{74211BA1-D769-4E24-ADB9-2A727DC9A9A2}.Debug|Any CPU.Deploy.0 = Debug|Any CPU
		{74211BA1-D769-4E24-ADB9-2A727DC9A9A2}.Debug|ARM.ActiveCfg = Debug|ARM
		{74211BA1-D769-4E24-ADB9-2A727DC9A9A2}.Debug|ARM.Build.0 = Debug|ARM
		{74211BA1-D769-4E24-ADB9-2A727DC9A9A2}.Debug|ARM.Deploy.0 = Debug|ARM
		{74211BA1-D769-4E24-ADB9-2A727DC9A9A2}.Debug|ARM64.ActiveCfg = Debug|ARM64
		{74211BA1-D769-4E24-ADB9-2A727DC9A9A2}.Debug|ARM64.Build.0 = Debug|ARM64
		{74211BA1-D769-4E24-ADB9-2A727DC9A9A2}.Debug|ARM64.Deploy.0 = Debug|ARM64
		{74211BA1-D769-4E24-ADB9-2A727DC9A9A2}.Debug|x64.ActiveCfg = Debug|x64
		{74211BA1-D769-4E24-ADB9-2A727DC9A9A2}.Debug|x64.Build.0 = Debug|x64
		{74211BA1-D769-4E24-ADB9-2A727DC9A9A2}.Debug|x64.Deploy.0 = Debug|x64
		{74211BA1-D769-4E24-ADB9-2A727DC9A9A2}.Debug|x86.ActiveCfg = Debug|x86
		{74211BA1-D769-4E24-ADB9-2A727DC9A9A2}.Debug|x86.Build.0 = Debug|x86
		{74211BA1-D769-4E24-ADB9-2A727DC9A9A2}.Debug|x86.Deploy.0 = Debug|x86
		{74211BA1-D769-4E24-ADB9-2A727DC9A9A2}.Release|Any CPU.ActiveCfg = Release|Any CPU
		{74211BA1-D769-4E24-ADB9-2A727DC9A9A2}.Release|Any CPU.Build.0 = Release|Any CPU
		{74211BA1-D769-4E24-ADB9-2A727DC9A9A2}.Release|Any CPU.Deploy.0 = Release|Any CPU
		{74211BA1-D769-4E24-ADB9-2A727DC9A9A2}.Release|ARM.ActiveCfg = Release|ARM
		{74211BA1-D769-4E24-ADB9-2A727DC9A9A2}.Release|ARM.Build.0 = Release|ARM
		{74211BA1-D769-4E24-ADB9-2A727DC9A9A2}.Release|ARM.Deploy.0 = Release|ARM
		{74211BA1-D769-4E24-ADB9-2A727DC9A9A2}.Release|ARM64.ActiveCfg = Release|ARM64
		{74211BA1-D769-4E24-ADB9-2A727DC9A9A2}.Release|ARM64.Build.0 = Release|ARM64
		{74211BA1-D769-4E24-ADB9-2A727DC9A9A2}.Release|ARM64.Deploy.0 = Release|ARM64
		{74211BA1-D769-4E24-ADB9-2A727DC9A9A2}.Release|x64.ActiveCfg = Release|x64
		{74211BA1-D769-4E24-ADB9-2A727DC9A9A2}.Release|x64.Build.0 = Release|x64
		{74211BA1-D769-4E24-ADB9-2A727DC9A9A2}.Release|x64.Deploy.0 = Release|x64
		{74211BA1-D769-4E24-ADB9-2A727DC9A9A2}.Release|x86.ActiveCfg = Release|x86
		{74211BA1-D769-4E24-ADB9-2A727DC9A9A2}.Release|x86.Build.0 = Release|x86
		{74211BA1-D769-4E24-ADB9-2A727DC9A9A2}.Release|x86.Deploy.0 = Release|x86
		{64051B07-2ABA-4436-9F5E-6734226DB5E0}.Debug|Any CPU.ActiveCfg = Debug|x64
		{64051B07-2ABA-4436-9F5E-6734226DB5E0}.Debug|Any CPU.Build.0 = Debug|x64
		{64051B07-2ABA-4436-9F5E-6734226DB5E0}.Debug|ARM.ActiveCfg = Debug|x64
		{64051B07-2ABA-4436-9F5E-6734226DB5E0}.Debug|ARM.Build.0 = Debug|x64
		{64051B07-2ABA-4436-9F5E-6734226DB5E0}.Debug|ARM64.ActiveCfg = Debug|x64
		{64051B07-2ABA-4436-9F5E-6734226DB5E0}.Debug|ARM64.Build.0 = Debug|x64
		{64051B07-2ABA-4436-9F5E-6734226DB5E0}.Debug|x64.ActiveCfg = Debug|x64
		{64051B07-2ABA-4436-9F5E-6734226DB5E0}.Debug|x64.Build.0 = Debug|x64
		{64051B07-2ABA-4436-9F5E-6734226DB5E0}.Debug|x86.ActiveCfg = Debug|Win32
		{64051B07-2ABA-4436-9F5E-6734226DB5E0}.Debug|x86.Build.0 = Debug|Win32
		{64051B07-2ABA-4436-9F5E-6734226DB5E0}.Release|Any CPU.ActiveCfg = Release|x64
		{64051B07-2ABA-4436-9F5E-6734226DB5E0}.Release|Any CPU.Build.0 = Release|x64
		{64051B07-2ABA-4436-9F5E-6734226DB5E0}.Release|ARM.ActiveCfg = Release|x64
		{64051B07-2ABA-4436-9F5E-6734226DB5E0}.Release|ARM.Build.0 = Release|x64
		{64051B07-2ABA-4436-9F5E-6734226DB5E0}.Release|ARM64.ActiveCfg = Release|x64
		{64051B07-2ABA-4436-9F5E-6734226DB5E0}.Release|ARM64.Build.0 = Release|x64
		{64051B07-2ABA-4436-9F5E-6734226DB5E0}.Release|x64.ActiveCfg = Release|x64
		{64051B07-2ABA-4436-9F5E-6734226DB5E0}.Release|x64.Build.0 = Release|x64
		{64051B07-2ABA-4436-9F5E-6734226DB5E0}.Release|x86.ActiveCfg = Release|Win32
		{64051B07-2ABA-4436-9F5E-6734226DB5E0}.Release|x86.Build.0 = Release|Win32
		{E0C58E71-C459-4BA9-985C-6D73A405C63D}.Debug|Any CPU.ActiveCfg = Debug|x64
		{E0C58E71-C459-4BA9-985C-6D73A405C63D}.Debug|Any CPU.Build.0 = Debug|x64
		{E0C58E71-C459-4BA9-985C-6D73A405C63D}.Debug|ARM.ActiveCfg = Debug|x64
		{E0C58E71-C459-4BA9-985C-6D73A405C63D}.Debug|ARM.Build.0 = Debug|x64
		{E0C58E71-C459-4BA9-985C-6D73A405C63D}.Debug|ARM64.ActiveCfg = Debug|x64
		{E0C58E71-C459-4BA9-985C-6D73A405C63D}.Debug|ARM64.Build.0 = Debug|x64
		{E0C58E71-C459-4BA9-985C-6D73A405C63D}.Debug|x64.ActiveCfg = Debug|x64
		{E0C58E71-C459-4BA9-985C-6D73A405C63D}.Debug|x64.Build.0 = Debug|x64
		{E0C58E71-C459-4BA9-985C-6D73A405C63D}.Debug|x86.ActiveCfg = Debug|Win32
		{E0C58E71-C459-4BA9-985C-6D73A405C63D}.Debug|x86.Build.0 = Debug|Win32
		{E0C58E71-C459-4BA9-985C-6D73A405C63D}.Release|Any CPU.ActiveCfg = Release|x64
		{E0C58E71-C459-4BA9-985C-6D73A405C63D}.Release|Any CPU.Build.0 = Release|x64
		{E0C58E71-C459-4BA9-985C-6D73A405C63D}.Release|ARM.ActiveCfg = Release|x64
		{E0C58E71-C459-4BA9-985C-6D73A405C63D}.Release|ARM.Build.0 = Release|x64
		{E0C58E71-C459-4BA9-985C-6D73A405C63D}.Release|ARM64.ActiveCfg = Release|x64
		{E0C58E71-C459-4BA9-985C-6D73A405C63D}.Release|ARM64.Build.0 = Release|x64
		{E0C58E71-C459-4BA9-985C-6D73A405C63D}.Release|x64.ActiveCfg = Release|x64
		{E0C58E71-C459-4BA9-985C-6D73A405C63D}.Release|x64.Build.0 = Release|x64
		{E0C58E71-C459-4BA9-985C-6D73A405C63D}.Release|x86.ActiveCfg = Release|Win32
		{E0C58E71-C459-4BA9-985C-6D73A405C63D}.Release|x86.Build.0 = Release|Win32
		{1EC7CDC2-76EC-41BE-8760-7D63B7387D05}.Debug|Any CPU.ActiveCfg = Debug|x64
		{1EC7CDC2-76EC-41BE-8760-7D63B7387D05}.Debug|Any CPU.Build.0 = Debug|x64
		{1EC7CDC2-76EC-41BE-8760-7D63B7387D05}.Debug|ARM.ActiveCfg = Debug|x64
		{1EC7CDC2-76EC-41BE-8760-7D63B7387D05}.Debug|ARM.Build.0 = Debug|x64
		{1EC7CDC2-76EC-41BE-8760-7D63B7387D05}.Debug|ARM64.ActiveCfg = Debug|x64
		{1EC7CDC2-76EC-41BE-8760-7D63B7387D05}.Debug|ARM64.Build.0 = Debug|x64
		{1EC7CDC2-76EC-41BE-8760-7D63B7387D05}.Debug|x64.ActiveCfg = Debug|x64
		{1EC7CDC2-76EC-41BE-8760-7D63B7387D05}.Debug|x64.Build.0 = Debug|x64
		{1EC7CDC2-76EC-41BE-8760-7D63B7387D05}.Debug|x86.ActiveCfg = Debug|Win32
		{1EC7CDC2-76EC-41BE-8760-7D63B7387D05}.Debug|x86.Build.0 = Debug|Win32
		{1EC7CDC2-76EC-41BE-8760-7D63B7387D05}.Release|Any CPU.ActiveCfg = Release|x64
		{1EC7CDC2-76EC-41BE-8760-7D63B7387D05}.Release|Any CPU.Build.0 = Release|x64
		{1EC7CDC2-76EC-41BE-8760-7D63B7387D05}.Release|ARM.ActiveCfg = Release|x64
		{1EC7CDC2-76EC-41BE-8760-7D63B7387D05}.Release|ARM.Build.0 = Release|x64
		{1EC7CDC2-76EC-41BE-8760-7D63B7387D05}.Release|ARM64.ActiveCfg = Release|x64
		{1EC7CDC2-76EC-41BE-8760-7D63B7387D05}.Release|ARM64.Build.0 = Release|x64
		{1EC7CDC2-76EC-41BE-8760-7D63B7387D05}.Release|x64.ActiveCfg = Release|x64
		{1EC7CDC2-76EC-41BE-8760-7D63B7387D05}.Release|x64.Build.0 = Release|x64
		{1EC7CDC2-76EC-41BE-8760-7D63B7387D05}.Release|x86.ActiveCfg = Release|Win32
		{1EC7CDC2-76EC-41BE-8760-7D63B7387D05}.Release|x86.Build.0 = Release|Win32
		{50140B11-A9AB-4B36-A2F5-E345FB9002CD}.Debug|Any CPU.ActiveCfg = Debug|x64
		{50140B11-A9AB-4B36-A2F5-E345FB9002CD}.Debug|Any CPU.Build.0 = Debug|x64
		{50140B11-A9AB-4B36-A2F5-E345FB9002CD}.Debug|ARM.ActiveCfg = Debug|x64
		{50140B11-A9AB-4B36-A2F5-E345FB9002CD}.Debug|ARM.Build.0 = Debug|x64
		{50140B11-A9AB-4B36-A2F5-E345FB9002CD}.Debug|ARM64.ActiveCfg = Debug|x64
		{50140B11-A9AB-4B36-A2F5-E345FB9002CD}.Debug|ARM64.Build.0 = Debug|x64
		{50140B11-A9AB-4B36-A2F5-E345FB9002CD}.Debug|x64.ActiveCfg = Debug|x64
		{50140B11-A9AB-4B36-A2F5-E345FB9002CD}.Debug|x64.Build.0 = Debug|x64
		{50140B11-A9AB-4B36-A2F5-E345FB9002CD}.Debug|x86.ActiveCfg = Debug|Win32
		{50140B11-A9AB-4B36-A2F5-E345FB9002CD}.Debug|x86.Build.0 = Debug|Win32
		{50140B11-A9AB-4B36-A2F5-E345FB9002CD}.Release|Any CPU.ActiveCfg = Release|x64
		{50140B11-A9AB-4B36-A2F5-E345FB9002CD}.Release|Any CPU.Build.0 = Release|x64
		{50140B11-A9AB-4B36-A2F5-E345FB9002CD}.Release|ARM.ActiveCfg = Release|x64
		{50140B11-A9AB-4B36-A2F5-E345FB9002CD}.Release|ARM.Build.0 = Release|x64
		{50140B11-A9AB-4B36-A2F5-E345FB9002CD}.Release|ARM64.ActiveCfg = Release|x64
		{50140B11-A9AB-4B36-A2F5-E345FB9002CD}.Release|ARM64.Build.0 = Release|x64
		{50140B11-A9AB-4B36-A2F5-E345FB9002CD}.Release|x64.ActiveCfg = Release|x64
		{50140B11-A9AB-4B36-A2F5-E345FB9002CD}.Release|x64.Build.0 = Release|x64
		{50140B11-A9AB-4B36-A2F5-E345FB9002CD}.Release|x86.ActiveCfg = Release|Win32
		{50140B11-A9AB-4B36-A2F5-E345FB9002CD}.Release|x86.Build.0 = Release|Win32
		{1957A7A6-9AB3-4742-BDAA-5C77E7B450E5}.Debug|Any CPU.ActiveCfg = Debug|x64
		{1957A7A6-9AB3-4742-BDAA-5C77E7B450E5}.Debug|Any CPU.Build.0 = Debug|x64
		{1957A7A6-9AB3-4742-BDAA-5C77E7B450E5}.Debug|ARM.ActiveCfg = Debug|x64
		{1957A7A6-9AB3-4742-BDAA-5C77E7B450E5}.Debug|ARM.Build.0 = Debug|x64
		{1957A7A6-9AB3-4742-BDAA-5C77E7B450E5}.Debug|ARM64.ActiveCfg = Debug|x64
		{1957A7A6-9AB3-4742-BDAA-5C77E7B450E5}.Debug|ARM64.Build.0 = Debug|x64
		{1957A7A6-9AB3-4742-BDAA-5C77E7B450E5}.Debug|x64.ActiveCfg = Debug|x64
		{1957A7A6-9AB3-4742-BDAA-5C77E7B450E5}.Debug|x64.Build.0 = Debug|x64
		{1957A7A6-9AB3-4742-BDAA-5C77E7B450E5}.Debug|x86.ActiveCfg = Debug|Win32
		{1957A7A6-9AB3-4742-BDAA-5C77E7B450E5}.Debug|x86.Build.0 = Debug|Win32
		{1957A7A6-9AB3-4742-BDAA-5C77E7B450E5}.Release|Any CPU.ActiveCfg = Release|x64
		{1957A7A6-9AB3-4742-BDAA-5C77E7B450E5}.Release|Any CPU.Build.0 = Release|x64
		{1957A7A6-9AB3-4742-BDAA-5C77E7B450E5}.Release|ARM.ActiveCfg = Release|x64
		{1957A7A6-9AB3-4742-BDAA-5C77E7B450E5}.Release|ARM.Build.0 = Release|x64
		{1957A7A6-9AB3-4742-BDAA-5C77E7B450E5}.Release|ARM64.ActiveCfg = Release|x64
		{1957A7A6-9AB3-4742-BDAA-5C77E7B450E5}.Release|ARM64.Build.0 = Release|x64
		{1957A7A6-9AB3-4742-BDAA-5C77E7B450E5}.Release|x64.ActiveCfg = Release|x64
		{1957A7A6-9AB3-4742-BDAA-5C77E7B450E5}.Release|x64.Build.0 = Release|x64
		{1957A7A6-9AB3-4742-BDAA-5C77E7B450E5}.Release|x86.ActiveCfg = Release|Win32
		{1957A7A6-9AB3-4742-BDAA-5C77E7B450E5}.Release|x86.Build.0 = Release|Win32
		{475F5A9C-D32D-4A47-A9D2-A48E102F78FC}.Debug|Any CPU.ActiveCfg = Debug|x64
		{475F5A9C-D32D-4A47-A9D2-A48E102F78FC}.Debug|ARM.ActiveCfg = Debug|x64
		{475F5A9C-D32D-4A47-A9D2-A48E102F78FC}.Debug|ARM64.ActiveCfg = Debug|x64
		{475F5A9C-D32D-4A47-A9D2-A48E102F78FC}.Debug|x64.ActiveCfg = Debug|x64
		{475F5A9C-D32D-4A47-A9D2-A48E102F78FC}.Debug|x86.ActiveCfg = Debug|Win32
		{475F5A9C-D32D-4A47-A9D2-A48E102F78FC}.Release|Any CPU.ActiveCfg = Release|x64
		{475F5A9C-D32D-4A47-A9D2-A48E102F78FC}.Release|ARM.ActiveCfg = Release|x64
		{475F5A9C-D32D-4A47-A9D2-A48E102F78FC}.Release|ARM64.ActiveCfg = Release|x64
		{475F5A9C-D32D-4A47-A9D2-A48E102F78FC}.Release|x64.ActiveCfg = Release|x64
		{475F5A9C-D32D-4A47-A9D2-A48E102F78FC}.Release|x86.ActiveCfg = Release|Win32
		{615AF113-CFE0-47F1-B188-2178039BAAF0}.Debug|Any CPU.ActiveCfg = Debug|x64
		{615AF113-CFE0-47F1-B188-2178039BAAF0}.Debug|Any CPU.Build.0 = Debug|x64
		{615AF113-CFE0-47F1-B188-2178039BAAF0}.Debug|ARM.ActiveCfg = Debug|x64
		{615AF113-CFE0-47F1-B188-2178039BAAF0}.Debug|ARM.Build.0 = Debug|x64
		{615AF113-CFE0-47F1-B188-2178039BAAF0}.Debug|ARM64.ActiveCfg = Debug|x64
		{615AF113-CFE0-47F1-B188-2178039BAAF0}.Debug|ARM64.Build.0 = Debug|x64
		{615AF113-CFE0-47F1-B188-2178039BAAF0}.Debug|x64.ActiveCfg = Debug|x64
		{615AF113-CFE0-47F1-B188-2178039BAAF0}.Debug|x64.Build.0 = Debug|x64
		{615AF113-CFE0-47F1-B188-2178039BAAF0}.Debug|x86.ActiveCfg = Debug|Win32
		{615AF113-CFE0-47F1-B188-2178039BAAF0}.Debug|x86.Build.0 = Debug|Win32
		{615AF113-CFE0-47F1-B188-2178039BAAF0}.Release|Any CPU.ActiveCfg = Release|x64
		{615AF113-CFE0-47F1-B188-2178039BAAF0}.Release|Any CPU.Build.0 = Release|x64
		{615AF113-CFE0-47F1-B188-2178039BAAF0}.Release|ARM.ActiveCfg = Release|x64
		{615AF113-CFE0-47F1-B188-2178039BAAF0}.Release|ARM.Build.0 = Release|x64
		{615AF113-CFE0-47F1-B188-2178039BAAF0}.Release|ARM64.ActiveCfg = Release|x64
		{615AF113-CFE0-47F1-B188-2178039BAAF0}.Release|ARM64.Build.0 = Release|x64
		{615AF113-CFE0-47F1-B188-2178039BAAF0}.Release|x64.ActiveCfg = Release|x64
		{615AF113-CFE0-47F1-B188-2178039BAAF0}.Release|x64.Build.0 = Release|x64
		{615AF113-CFE0-47F1-B188-2178039BAAF0}.Release|x86.ActiveCfg = Release|Win32
		{615AF113-CFE0-47F1-B188-2178039BAAF0}.Release|x86.Build.0 = Release|Win32
		{424C61E8-E93C-4D07-B62B-95571B843B97}.Debug|Any CPU.ActiveCfg = Debug|x64
		{424C61E8-E93C-4D07-B62B-95571B843B97}.Debug|Any CPU.Build.0 = Debug|x64
		{424C61E8-E93C-4D07-B62B-95571B843B97}.Debug|ARM.ActiveCfg = Debug|x64
		{424C61E8-E93C-4D07-B62B-95571B843B97}.Debug|ARM.Build.0 = Debug|x64
		{424C61E8-E93C-4D07-B62B-95571B843B97}.Debug|ARM64.ActiveCfg = Debug|x64
		{424C61E8-E93C-4D07-B62B-95571B843B97}.Debug|ARM64.Build.0 = Debug|x64
		{424C61E8-E93C-4D07-B62B-95571B843B97}.Debug|x64.ActiveCfg = Debug|x64
		{424C61E8-E93C-4D07-B62B-95571B843B97}.Debug|x64.Build.0 = Debug|x64
		{424C61E8-E93C-4D07-B62B-95571B843B97}.Debug|x86.ActiveCfg = Debug|Win32
		{424C61E8-E93C-4D07-B62B-95571B843B97}.Debug|x86.Build.0 = Debug|Win32
		{424C61E8-E93C-4D07-B62B-95571B843B97}.Release|Any CPU.ActiveCfg = Release|x64
		{424C61E8-E93C-4D07-B62B-95571B843B97}.Release|Any CPU.Build.0 = Release|x64
		{424C61E8-E93C-4D07-B62B-95571B843B97}.Release|ARM.ActiveCfg = Release|x64
		{424C61E8-E93C-4D07-B62B-95571B843B97}.Release|ARM.Build.0 = Release|x64
		{424C61E8-E93C-4D07-B62B-95571B843B97}.Release|ARM64.ActiveCfg = Release|x64
		{424C61E8-E93C-4D07-B62B-95571B843B97}.Release|ARM64.Build.0 = Release|x64
		{424C61E8-E93C-4D07-B62B-95571B843B97}.Release|x64.ActiveCfg = Release|x64
		{424C61E8-E93C-4D07-B62B-95571B843B97}.Release|x64.Build.0 = Release|x64
		{424C61E8-E93C-4D07-B62B-95571B843B97}.Release|x86.ActiveCfg = Release|Win32
		{424C61E8-E93C-4D07-B62B-95571B843B97}.Release|x86.Build.0 = Release|Win32
		{BB616E76-B6A5-482D-8E0D-08096617BD68}.Debug|Any CPU.ActiveCfg = Debug|x64
		{BB616E76-B6A5-482D-8E0D-08096617BD68}.Debug|Any CPU.Build.0 = Debug|x64
		{BB616E76-B6A5-482D-8E0D-08096617BD68}.Debug|Any CPU.Deploy.0 = Debug|x64
		{BB616E76-B6A5-482D-8E0D-08096617BD68}.Debug|ARM.ActiveCfg = Debug|x64
		{BB616E76-B6A5-482D-8E0D-08096617BD68}.Debug|ARM.Build.0 = Debug|x64
		{BB616E76-B6A5-482D-8E0D-08096617BD68}.Debug|ARM.Deploy.0 = Debug|x64
		{BB616E76-B6A5-482D-8E0D-08096617BD68}.Debug|ARM64.ActiveCfg = Debug|ARM64
		{BB616E76-B6A5-482D-8E0D-08096617BD68}.Debug|ARM64.Build.0 = Debug|ARM64
		{BB616E76-B6A5-482D-8E0D-08096617BD68}.Debug|ARM64.Deploy.0 = Debug|ARM64
		{BB616E76-B6A5-482D-8E0D-08096617BD68}.Debug|x64.ActiveCfg = Debug|x64
		{BB616E76-B6A5-482D-8E0D-08096617BD68}.Debug|x64.Build.0 = Debug|x64
		{BB616E76-B6A5-482D-8E0D-08096617BD68}.Debug|x64.Deploy.0 = Debug|x64
		{BB616E76-B6A5-482D-8E0D-08096617BD68}.Debug|x86.ActiveCfg = Debug|x64
		{BB616E76-B6A5-482D-8E0D-08096617BD68}.Debug|x86.Build.0 = Debug|x64
		{BB616E76-B6A5-482D-8E0D-08096617BD68}.Debug|x86.Deploy.0 = Debug|x64
		{BB616E76-B6A5-482D-8E0D-08096617BD68}.Release|Any CPU.ActiveCfg = Release|x64
		{BB616E76-B6A5-482D-8E0D-08096617BD68}.Release|Any CPU.Build.0 = Release|x64
		{BB616E76-B6A5-482D-8E0D-08096617BD68}.Release|Any CPU.Deploy.0 = Release|x64
		{BB616E76-B6A5-482D-8E0D-08096617BD68}.Release|ARM.ActiveCfg = Release|x64
		{BB616E76-B6A5-482D-8E0D-08096617BD68}.Release|ARM.Build.0 = Release|x64
		{BB616E76-B6A5-482D-8E0D-08096617BD68}.Release|ARM.Deploy.0 = Release|x64
		{BB616E76-B6A5-482D-8E0D-08096617BD68}.Release|ARM64.ActiveCfg = Release|ARM64
		{BB616E76-B6A5-482D-8E0D-08096617BD68}.Release|ARM64.Build.0 = Release|ARM64
		{BB616E76-B6A5-482D-8E0D-08096617BD68}.Release|ARM64.Deploy.0 = Release|ARM64
		{BB616E76-B6A5-482D-8E0D-08096617BD68}.Release|x64.ActiveCfg = Release|x64
		{BB616E76-B6A5-482D-8E0D-08096617BD68}.Release|x64.Build.0 = Release|x64
		{BB616E76-B6A5-482D-8E0D-08096617BD68}.Release|x64.Deploy.0 = Release|x64
		{BB616E76-B6A5-482D-8E0D-08096617BD68}.Release|x86.ActiveCfg = Release|x64
		{BB616E76-B6A5-482D-8E0D-08096617BD68}.Release|x86.Build.0 = Release|x64
		{BB616E76-B6A5-482D-8E0D-08096617BD68}.Release|x86.Deploy.0 = Release|x64
		{2AC10033-A876-4760-8803-100397217FF4}.Debug|Any CPU.ActiveCfg = Debug|x64
		{2AC10033-A876-4760-8803-100397217FF4}.Debug|Any CPU.Build.0 = Debug|x64
		{2AC10033-A876-4760-8803-100397217FF4}.Debug|ARM.ActiveCfg = Debug|x64
		{2AC10033-A876-4760-8803-100397217FF4}.Debug|ARM.Build.0 = Debug|x64
		{2AC10033-A876-4760-8803-100397217FF4}.Debug|ARM64.ActiveCfg = Debug|x64
		{2AC10033-A876-4760-8803-100397217FF4}.Debug|ARM64.Build.0 = Debug|x64
		{2AC10033-A876-4760-8803-100397217FF4}.Debug|x64.ActiveCfg = Debug|x64
		{2AC10033-A876-4760-8803-100397217FF4}.Debug|x64.Build.0 = Debug|x64
		{2AC10033-A876-4760-8803-100397217FF4}.Debug|x86.ActiveCfg = Debug|Win32
		{2AC10033-A876-4760-8803-100397217FF4}.Debug|x86.Build.0 = Debug|Win32
		{2AC10033-A876-4760-8803-100397217FF4}.Release|Any CPU.ActiveCfg = Release|x64
		{2AC10033-A876-4760-8803-100397217FF4}.Release|Any CPU.Build.0 = Release|x64
		{2AC10033-A876-4760-8803-100397217FF4}.Release|ARM.ActiveCfg = Release|x64
		{2AC10033-A876-4760-8803-100397217FF4}.Release|ARM.Build.0 = Release|x64
		{2AC10033-A876-4760-8803-100397217FF4}.Release|ARM64.ActiveCfg = Release|x64
		{2AC10033-A876-4760-8803-100397217FF4}.Release|ARM64.Build.0 = Release|x64
		{2AC10033-A876-4760-8803-100397217FF4}.Release|x64.ActiveCfg = Release|x64
		{2AC10033-A876-4760-8803-100397217FF4}.Release|x64.Build.0 = Release|x64
		{2AC10033-A876-4760-8803-100397217FF4}.Release|x86.ActiveCfg = Release|Win32
		{2AC10033-A876-4760-8803-100397217FF4}.Release|x86.Build.0 = Release|Win32
		{C59DB2CC-39EC-47A6-9EFF-D401A0878121}.Debug|Any CPU.ActiveCfg = Debug|x64
		{C59DB2CC-39EC-47A6-9EFF-D401A0878121}.Debug|Any CPU.Build.0 = Debug|x64
		{C59DB2CC-39EC-47A6-9EFF-D401A0878121}.Debug|ARM.ActiveCfg = Debug|x64
		{C59DB2CC-39EC-47A6-9EFF-D401A0878121}.Debug|ARM.Build.0 = Debug|x64
		{C59DB2CC-39EC-47A6-9EFF-D401A0878121}.Debug|ARM64.ActiveCfg = Debug|x64
		{C59DB2CC-39EC-47A6-9EFF-D401A0878121}.Debug|ARM64.Build.0 = Debug|x64
		{C59DB2CC-39EC-47A6-9EFF-D401A0878121}.Debug|x64.ActiveCfg = Debug|x64
		{C59DB2CC-39EC-47A6-9EFF-D401A0878121}.Debug|x64.Build.0 = Debug|x64
		{C59DB2CC-39EC-47A6-9EFF-D401A0878121}.Debug|x86.ActiveCfg = Debug|Win32
		{C59DB2CC-39EC-47A6-9EFF-D401A0878121}.Debug|x86.Build.0 = Debug|Win32
		{C59DB2CC-39EC-47A6-9EFF-D401A0878121}.Release|Any CPU.ActiveCfg = Release|x64
		{C59DB2CC-39EC-47A6-9EFF-D401A0878121}.Release|Any CPU.Build.0 = Release|x64
		{C59DB2CC-39EC-47A6-9EFF-D401A0878121}.Release|ARM.ActiveCfg = Release|x64
		{C59DB2CC-39EC-47A6-9EFF-D401A0878121}.Release|ARM.Build.0 = Release|x64
		{C59DB2CC-39EC-47A6-9EFF-D401A0878121}.Release|ARM64.ActiveCfg = Release|x64
		{C59DB2CC-39EC-47A6-9EFF-D401A0878121}.Release|ARM64.Build.0 = Release|x64
		{C59DB2CC-39EC-47A6-9EFF-D401A0878121}.Release|x64.ActiveCfg = Release|x64
		{C59DB2CC-39EC-47A6-9EFF-D401A0878121}.Release|x64.Build.0 = Release|x64
		{C59DB2CC-39EC-47A6-9EFF-D401A0878121}.Release|x86.ActiveCfg = Release|Win32
		{C59DB2CC-39EC-47A6-9EFF-D401A0878121}.Release|x86.Build.0 = Release|Win32
		{3E0EAEEE-5EDF-4EF9-B772-F42B3A8B8644}.Debug|Any CPU.ActiveCfg = Debug|x64
		{3E0EAEEE-5EDF-4EF9-B772-F42B3A8B8644}.Debug|Any CPU.Build.0 = Debug|x64
		{3E0EAEEE-5EDF-4EF9-B772-F42B3A8B8644}.Debug|ARM.ActiveCfg = Debug|x64
		{3E0EAEEE-5EDF-4EF9-B772-F42B3A8B8644}.Debug|ARM.Build.0 = Debug|x64
		{3E0EAEEE-5EDF-4EF9-B772-F42B3A8B8644}.Debug|ARM64.ActiveCfg = Debug|x64
		{3E0EAEEE-5EDF-4EF9-B772-F42B3A8B8644}.Debug|ARM64.Build.0 = Debug|x64
		{3E0EAEEE-5EDF-4EF9-B772-F42B3A8B8644}.Debug|x64.ActiveCfg = Debug|x64
		{3E0EAEEE-5EDF-4EF9-B772-F42B3A8B8644}.Debug|x64.Build.0 = Debug|x64
		{3E0EAEEE-5EDF-4EF9-B772-F42B3A8B8644}.Debug|x86.ActiveCfg = Debug|Win32
		{3E0EAEEE-5EDF-4EF9-B772-F42B3A8B8644}.Debug|x86.Build.0 = Debug|Win32
		{3E0EAEEE-5EDF-4EF9-B772-F42B3A8B8644}.Release|Any CPU.ActiveCfg = Release|x64
		{3E0EAEEE-5EDF-4EF9-B772-F42B3A8B8644}.Release|Any CPU.Build.0 = Release|x64
		{3E0EAEEE-5EDF-4EF9-B772-F42B3A8B8644}.Release|ARM.ActiveCfg = Release|x64
		{3E0EAEEE-5EDF-4EF9-B772-F42B3A8B8644}.Release|ARM.Build.0 = Release|x64
		{3E0EAEEE-5EDF-4EF9-B772-F42B3A8B8644}.Release|ARM64.ActiveCfg = Release|x64
		{3E0EAEEE-5EDF-4EF9-B772-F42B3A8B8644}.Release|ARM64.Build.0 = Release|x64
		{3E0EAEEE-5EDF-4EF9-B772-F42B3A8B8644}.Release|x64.ActiveCfg = Release|x64
		{3E0EAEEE-5EDF-4EF9-B772-F42B3A8B8644}.Release|x64.Build.0 = Release|x64
		{3E0EAEEE-5EDF-4EF9-B772-F42B3A8B8644}.Release|x86.ActiveCfg = Release|Win32
		{3E0EAEEE-5EDF-4EF9-B772-F42B3A8B8644}.Release|x86.Build.0 = Release|Win32
		{550E69BB-B5A8-40CE-A1BD-1EF6E012DC52}.Debug|Any CPU.ActiveCfg = Debug|x64
		{550E69BB-B5A8-40CE-A1BD-1EF6E012DC52}.Debug|Any CPU.Build.0 = Debug|x64
		{550E69BB-B5A8-40CE-A1BD-1EF6E012DC52}.Debug|ARM.ActiveCfg = Debug|x64
		{550E69BB-B5A8-40CE-A1BD-1EF6E012DC52}.Debug|ARM.Build.0 = Debug|x64
		{550E69BB-B5A8-40CE-A1BD-1EF6E012DC52}.Debug|ARM64.ActiveCfg = Debug|x64
		{550E69BB-B5A8-40CE-A1BD-1EF6E012DC52}.Debug|ARM64.Build.0 = Debug|x64
		{550E69BB-B5A8-40CE-A1BD-1EF6E012DC52}.Debug|x64.ActiveCfg = Debug|x64
		{550E69BB-B5A8-40CE-A1BD-1EF6E012DC52}.Debug|x64.Build.0 = Debug|x64
		{550E69BB-B5A8-40CE-A1BD-1EF6E012DC52}.Debug|x86.ActiveCfg = Debug|Win32
		{550E69BB-B5A8-40CE-A1BD-1EF6E012DC52}.Debug|x86.Build.0 = Debug|Win32
		{550E69BB-B5A8-40CE-A1BD-1EF6E012DC52}.Release|Any CPU.ActiveCfg = Release|x64
		{550E69BB-B5A8-40CE-A1BD-1EF6E012DC52}.Release|Any CPU.Build.0 = Release|x64
		{550E69BB-B5A8-40CE-A1BD-1EF6E012DC52}.Release|ARM.ActiveCfg = Release|x64
		{550E69BB-B5A8-40CE-A1BD-1EF6E012DC52}.Release|ARM.Build.0 = Release|x64
		{550E69BB-B5A8-40CE-A1BD-1EF6E012DC52}.Release|ARM64.ActiveCfg = Release|x64
		{550E69BB-B5A8-40CE-A1BD-1EF6E012DC52}.Release|ARM64.Build.0 = Release|x64
		{550E69BB-B5A8-40CE-A1BD-1EF6E012DC52}.Release|x64.ActiveCfg = Release|x64
		{550E69BB-B5A8-40CE-A1BD-1EF6E012DC52}.Release|x64.Build.0 = Release|x64
		{550E69BB-B5A8-40CE-A1BD-1EF6E012DC52}.Release|x86.ActiveCfg = Release|Win32
		{550E69BB-B5A8-40CE-A1BD-1EF6E012DC52}.Release|x86.Build.0 = Release|Win32
		{F079BFB6-8E6D-4B6D-BC1E-2FFE9148F1C7}.Debug|Any CPU.ActiveCfg = Debug|x64
		{F079BFB6-8E6D-4B6D-BC1E-2FFE9148F1C7}.Debug|Any CPU.Build.0 = Debug|x64
		{F079BFB6-8E6D-4B6D-BC1E-2FFE9148F1C7}.Debug|ARM.ActiveCfg = Debug|x64
		{F079BFB6-8E6D-4B6D-BC1E-2FFE9148F1C7}.Debug|ARM.Build.0 = Debug|x64
		{F079BFB6-8E6D-4B6D-BC1E-2FFE9148F1C7}.Debug|ARM64.ActiveCfg = Debug|x64
		{F079BFB6-8E6D-4B6D-BC1E-2FFE9148F1C7}.Debug|ARM64.Build.0 = Debug|x64
		{F079BFB6-8E6D-4B6D-BC1E-2FFE9148F1C7}.Debug|x64.ActiveCfg = Debug|x64
		{F079BFB6-8E6D-4B6D-BC1E-2FFE9148F1C7}.Debug|x64.Build.0 = Debug|x64
		{F079BFB6-8E6D-4B6D-BC1E-2FFE9148F1C7}.Debug|x86.ActiveCfg = Debug|Win32
		{F079BFB6-8E6D-4B6D-BC1E-2FFE9148F1C7}.Debug|x86.Build.0 = Debug|Win32
		{F079BFB6-8E6D-4B6D-BC1E-2FFE9148F1C7}.Release|Any CPU.ActiveCfg = Release|x64
		{F079BFB6-8E6D-4B6D-BC1E-2FFE9148F1C7}.Release|Any CPU.Build.0 = Release|x64
		{F079BFB6-8E6D-4B6D-BC1E-2FFE9148F1C7}.Release|ARM.ActiveCfg = Release|x64
		{F079BFB6-8E6D-4B6D-BC1E-2FFE9148F1C7}.Release|ARM.Build.0 = Release|x64
		{F079BFB6-8E6D-4B6D-BC1E-2FFE9148F1C7}.Release|ARM64.ActiveCfg = Release|x64
		{F079BFB6-8E6D-4B6D-BC1E-2FFE9148F1C7}.Release|ARM64.Build.0 = Release|x64
		{F079BFB6-8E6D-4B6D-BC1E-2FFE9148F1C7}.Release|x64.ActiveCfg = Release|x64
		{F079BFB6-8E6D-4B6D-BC1E-2FFE9148F1C7}.Release|x64.Build.0 = Release|x64
		{F079BFB6-8E6D-4B6D-BC1E-2FFE9148F1C7}.Release|x86.ActiveCfg = Release|Win32
		{F079BFB6-8E6D-4B6D-BC1E-2FFE9148F1C7}.Release|x86.Build.0 = Release|Win32
		{EC2885D7-A7B6-4FFA-AC83-7CCA24A87A87}.Debug|Any CPU.ActiveCfg = Debug|x64
		{EC2885D7-A7B6-4FFA-AC83-7CCA24A87A87}.Debug|Any CPU.Build.0 = Debug|x64
		{EC2885D7-A7B6-4FFA-AC83-7CCA24A87A87}.Debug|ARM.ActiveCfg = Debug|x64
		{EC2885D7-A7B6-4FFA-AC83-7CCA24A87A87}.Debug|ARM.Build.0 = Debug|x64
		{EC2885D7-A7B6-4FFA-AC83-7CCA24A87A87}.Debug|ARM64.ActiveCfg = Debug|x64
		{EC2885D7-A7B6-4FFA-AC83-7CCA24A87A87}.Debug|ARM64.Build.0 = Debug|x64
		{EC2885D7-A7B6-4FFA-AC83-7CCA24A87A87}.Debug|x64.ActiveCfg = Debug|x64
		{EC2885D7-A7B6-4FFA-AC83-7CCA24A87A87}.Debug|x64.Build.0 = Debug|x64
		{EC2885D7-A7B6-4FFA-AC83-7CCA24A87A87}.Debug|x86.ActiveCfg = Debug|Win32
		{EC2885D7-A7B6-4FFA-AC83-7CCA24A87A87}.Debug|x86.Build.0 = Debug|Win32
		{EC2885D7-A7B6-4FFA-AC83-7CCA24A87A87}.Release|Any CPU.ActiveCfg = Release|x64
		{EC2885D7-A7B6-4FFA-AC83-7CCA24A87A87}.Release|Any CPU.Build.0 = Release|x64
		{EC2885D7-A7B6-4FFA-AC83-7CCA24A87A87}.Release|ARM.ActiveCfg = Release|x64
		{EC2885D7-A7B6-4FFA-AC83-7CCA24A87A87}.Release|ARM.Build.0 = Release|x64
		{EC2885D7-A7B6-4FFA-AC83-7CCA24A87A87}.Release|ARM64.ActiveCfg = Release|x64
		{EC2885D7-A7B6-4FFA-AC83-7CCA24A87A87}.Release|ARM64.Build.0 = Release|x64
		{EC2885D7-A7B6-4FFA-AC83-7CCA24A87A87}.Release|x64.ActiveCfg = Release|x64
		{EC2885D7-A7B6-4FFA-AC83-7CCA24A87A87}.Release|x64.Build.0 = Release|x64
		{EC2885D7-A7B6-4FFA-AC83-7CCA24A87A87}.Release|x86.ActiveCfg = Release|Win32
		{EC2885D7-A7B6-4FFA-AC83-7CCA24A87A87}.Release|x86.Build.0 = Release|Win32
		{3F31993F-C2E7-4A13-92C9-0CF19A935035}.Debug|Any CPU.ActiveCfg = Debug|x64
		{3F31993F-C2E7-4A13-92C9-0CF19A935035}.Debug|Any CPU.Build.0 = Debug|x64
		{3F31993F-C2E7-4A13-92C9-0CF19A935035}.Debug|ARM.ActiveCfg = Debug|x64
		{3F31993F-C2E7-4A13-92C9-0CF19A935035}.Debug|ARM.Build.0 = Debug|x64
		{3F31993F-C2E7-4A13-92C9-0CF19A935035}.Debug|ARM64.ActiveCfg = Debug|x64
		{3F31993F-C2E7-4A13-92C9-0CF19A935035}.Debug|ARM64.Build.0 = Debug|x64
		{3F31993F-C2E7-4A13-92C9-0CF19A935035}.Debug|x64.ActiveCfg = Debug|x64
		{3F31993F-C2E7-4A13-92C9-0CF19A935035}.Debug|x64.Build.0 = Debug|x64
		{3F31993F-C2E7-4A13-92C9-0CF19A935035}.Debug|x86.ActiveCfg = Debug|Win32
		{3F31993F-C2E7-4A13-92C9-0CF19A935035}.Debug|x86.Build.0 = Debug|Win32
		{3F31993F-C2E7-4A13-92C9-0CF19A935035}.Release|Any CPU.ActiveCfg = Release|x64
		{3F31993F-C2E7-4A13-92C9-0CF19A935035}.Release|Any CPU.Build.0 = Release|x64
		{3F31993F-C2E7-4A13-92C9-0CF19A935035}.Release|ARM.ActiveCfg = Release|x64
		{3F31993F-C2E7-4A13-92C9-0CF19A935035}.Release|ARM.Build.0 = Release|x64
		{3F31993F-C2E7-4A13-92C9-0CF19A935035}.Release|ARM64.ActiveCfg = Release|x64
		{3F31993F-C2E7-4A13-92C9-0CF19A935035}.Release|ARM64.Build.0 = Release|x64
		{3F31993F-C2E7-4A13-92C9-0CF19A935035}.Release|x64.ActiveCfg = Release|x64
		{3F31993F-C2E7-4A13-92C9-0CF19A935035}.Release|x64.Build.0 = Release|x64
		{3F31993F-C2E7-4A13-92C9-0CF19A935035}.Release|x86.ActiveCfg = Release|Win32
		{3F31993F-C2E7-4A13-92C9-0CF19A935035}.Release|x86.Build.0 = Release|Win32
		{4C6400E6-566C-44E3-A1C5-67A3C1A5555C}.Debug|Any CPU.ActiveCfg = Debug|x64
		{4C6400E6-566C-44E3-A1C5-67A3C1A5555C}.Debug|Any CPU.Build.0 = Debug|x64
		{4C6400E6-566C-44E3-A1C5-67A3C1A5555C}.Debug|ARM.ActiveCfg = Debug|x64
		{4C6400E6-566C-44E3-A1C5-67A3C1A5555C}.Debug|ARM.Build.0 = Debug|x64
		{4C6400E6-566C-44E3-A1C5-67A3C1A5555C}.Debug|ARM64.ActiveCfg = Debug|x64
		{4C6400E6-566C-44E3-A1C5-67A3C1A5555C}.Debug|ARM64.Build.0 = Debug|x64
		{4C6400E6-566C-44E3-A1C5-67A3C1A5555C}.Debug|x64.ActiveCfg = Debug|x64
		{4C6400E6-566C-44E3-A1C5-67A3C1A5555C}.Debug|x64.Build.0 = Debug|x64
		{4C6400E6-566C-44E3-A1C5-67A3C1A5555C}.Debug|x86.ActiveCfg = Debug|Win32
		{4C6400E6-566C-44E3-A1C5-67A3C1A5555C}.Debug|x86.Build.0 = Debug|Win32
		{4C6400E6-566C-44E3-A1C5-67A3C1A5555C}.Release|Any CPU.ActiveCfg = Release|x64
		{4C6400E6-566C-44E3-A1C5-67A3C1A5555C}.Release|Any CPU.Build.0 = Release|x64
		{4C6400E6-566C-44E3-A1C5-67A3C1A5555C}.Release|ARM.ActiveCfg = Release|x64
		{4C6400E6-566C-44E3-A1C5-67A3C1A5555C}.Release|ARM.Build.0 = Release|x64
		{4C6400E6-566C-44E3-A1C5-67A3C1A5555C}.Release|ARM64.ActiveCfg = Release|x64
		{4C6400E6-566C-44E3-A1C5-67A3C1A5555C}.Release|ARM64.Build.0 = Release|x64
		{4C6400E6-566C-44E3-A1C5-67A3C1A5555C}.Release|x64.ActiveCfg = Release|x64
		{4C6400E6-566C-44E3-A1C5-67A3C1A5555C}.Release|x64.Build.0 = Release|x64
		{4C6400E6-566C-44E3-A1C5-67A3C1A5555C}.Release|x86.ActiveCfg = Release|Win32
		{4C6400E6-566C-44E3-A1C5-67A3C1A5555C}.Release|x86.Build.0 = Release|Win32
		{57E46CD0-3C7A-4757-84A6-E1AFD003BCF3}.Debug|Any CPU.ActiveCfg = Debug|x64
		{57E46CD0-3C7A-4757-84A6-E1AFD003BCF3}.Debug|ARM.ActiveCfg = Debug|x64
		{57E46CD0-3C7A-4757-84A6-E1AFD003BCF3}.Debug|ARM64.ActiveCfg = Debug|x64
		{57E46CD0-3C7A-4757-84A6-E1AFD003BCF3}.Debug|x64.ActiveCfg = Debug|x64
		{57E46CD0-3C7A-4757-84A6-E1AFD003BCF3}.Debug|x86.ActiveCfg = Debug|Win32
		{57E46CD0-3C7A-4757-84A6-E1AFD003BCF3}.Release|Any CPU.ActiveCfg = Release|x64
		{57E46CD0-3C7A-4757-84A6-E1AFD003BCF3}.Release|ARM.ActiveCfg = Release|x64
		{57E46CD0-3C7A-4757-84A6-E1AFD003BCF3}.Release|ARM64.ActiveCfg = Release|x64
		{57E46CD0-3C7A-4757-84A6-E1AFD003BCF3}.Release|x64.ActiveCfg = Release|x64
		{57E46CD0-3C7A-4757-84A6-E1AFD003BCF3}.Release|x86.ActiveCfg = Release|Win32
		{077D27B1-593F-4559-9B1A-F3DCDFFDCB85}.Debug|Any CPU.ActiveCfg = Debug|x64
		{077D27B1-593F-4559-9B1A-F3DCDFFDCB85}.Debug|Any CPU.Build.0 = Debug|x64
		{077D27B1-593F-4559-9B1A-F3DCDFFDCB85}.Debug|ARM.ActiveCfg = Debug|x64
		{077D27B1-593F-4559-9B1A-F3DCDFFDCB85}.Debug|ARM.Build.0 = Debug|x64
		{077D27B1-593F-4559-9B1A-F3DCDFFDCB85}.Debug|ARM64.ActiveCfg = Debug|x64
		{077D27B1-593F-4559-9B1A-F3DCDFFDCB85}.Debug|ARM64.Build.0 = Debug|x64
		{077D27B1-593F-4559-9B1A-F3DCDFFDCB85}.Debug|x64.ActiveCfg = Debug|x64
		{077D27B1-593F-4559-9B1A-F3DCDFFDCB85}.Debug|x64.Build.0 = Debug|x64
		{077D27B1-593F-4559-9B1A-F3DCDFFDCB85}.Debug|x86.ActiveCfg = Debug|Win32
		{077D27B1-593F-4559-9B1A-F3DCDFFDCB85}.Debug|x86.Build.0 = Debug|Win32
		{077D27B1-593F-4559-9B1A-F3DCDFFDCB85}.Release|Any CPU.ActiveCfg = Release|x64
		{077D27B1-593F-4559-9B1A-F3DCDFFDCB85}.Release|Any CPU.Build.0 = Release|x64
		{077D27B1-593F-4559-9B1A-F3DCDFFDCB85}.Release|ARM.ActiveCfg = Release|x64
		{077D27B1-593F-4559-9B1A-F3DCDFFDCB85}.Release|ARM.Build.0 = Release|x64
		{077D27B1-593F-4559-9B1A-F3DCDFFDCB85}.Release|ARM64.ActiveCfg = Release|x64
		{077D27B1-593F-4559-9B1A-F3DCDFFDCB85}.Release|ARM64.Build.0 = Release|x64
		{077D27B1-593F-4559-9B1A-F3DCDFFDCB85}.Release|x64.ActiveCfg = Release|x64
		{077D27B1-593F-4559-9B1A-F3DCDFFDCB85}.Release|x64.Build.0 = Release|x64
		{077D27B1-593F-4559-9B1A-F3DCDFFDCB85}.Release|x86.ActiveCfg = Release|Win32
		{077D27B1-593F-4559-9B1A-F3DCDFFDCB85}.Release|x86.Build.0 = Release|Win32
		{21911059-2969-4CC7-8EE3-0A3B5682E677}.Debug|Any CPU.ActiveCfg = Debug|x64
		{21911059-2969-4CC7-8EE3-0A3B5682E677}.Debug|Any CPU.Build.0 = Debug|x64
		{21911059-2969-4CC7-8EE3-0A3B5682E677}.Debug|ARM.ActiveCfg = Debug|x64
		{21911059-2969-4CC7-8EE3-0A3B5682E677}.Debug|ARM.Build.0 = Debug|x64
		{21911059-2969-4CC7-8EE3-0A3B5682E677}.Debug|ARM64.ActiveCfg = Debug|x64
		{21911059-2969-4CC7-8EE3-0A3B5682E677}.Debug|ARM64.Build.0 = Debug|x64
		{21911059-2969-4CC7-8EE3-0A3B5682E677}.Debug|x64.ActiveCfg = Debug|x64
		{21911059-2969-4CC7-8EE3-0A3B5682E677}.Debug|x64.Build.0 = Debug|x64
		{21911059-2969-4CC7-8EE3-0A3B5682E677}.Debug|x86.ActiveCfg = Debug|Win32
		{21911059-2969-4CC7-8EE3-0A3B5682E677}.Debug|x86.Build.0 = Debug|Win32
		{21911059-2969-4CC7-8EE3-0A3B5682E677}.Release|Any CPU.ActiveCfg = Release|x64
		{21911059-2969-4CC7-8EE3-0A3B5682E677}.Release|Any CPU.Build.0 = Release|x64
		{21911059-2969-4CC7-8EE3-0A3B5682E677}.Release|ARM.ActiveCfg = Release|x64
		{21911059-2969-4CC7-8EE3-0A3B5682E677}.Release|ARM.Build.0 = Release|x64
		{21911059-2969-4CC7-8EE3-0A3B5682E677}.Release|ARM64.ActiveCfg = Release|x64
		{21911059-2969-4CC7-8EE3-0A3B5682E677}.Release|ARM64.Build.0 = Release|x64
		{21911059-2969-4CC7-8EE3-0A3B5682E677}.Release|x64.ActiveCfg = Release|x64
		{21911059-2969-4CC7-8EE3-0A3B5682E677}.Release|x64.Build.0 = Release|x64
		{21911059-2969-4CC7-8EE3-0A3B5682E677}.Release|x86.ActiveCfg = Release|Win32
		{21911059-2969-4CC7-8EE3-0A3B5682E677}.Release|x86.Build.0 = Release|Win32
		{A93E2B08-9E4C-4451-92A4-EE24EB8A5D57}.Debug|Any CPU.ActiveCfg = Debug|x64
		{A93E2B08-9E4C-4451-92A4-EE24EB8A5D57}.Debug|Any CPU.Build.0 = Debug|x64
		{A93E2B08-9E4C-4451-92A4-EE24EB8A5D57}.Debug|ARM.ActiveCfg = Debug|x64
		{A93E2B08-9E4C-4451-92A4-EE24EB8A5D57}.Debug|ARM.Build.0 = Debug|x64
		{A93E2B08-9E4C-4451-92A4-EE24EB8A5D57}.Debug|ARM64.ActiveCfg = Debug|x64
		{A93E2B08-9E4C-4451-92A4-EE24EB8A5D57}.Debug|ARM64.Build.0 = Debug|x64
		{A93E2B08-9E4C-4451-92A4-EE24EB8A5D57}.Debug|x64.ActiveCfg = Debug|x64
		{A93E2B08-9E4C-4451-92A4-EE24EB8A5D57}.Debug|x64.Build.0 = Debug|x64
		{A93E2B08-9E4C-4451-92A4-EE24EB8A5D57}.Debug|x86.ActiveCfg = Debug|Win32
		{A93E2B08-9E4C-4451-92A4-EE24EB8A5D57}.Debug|x86.Build.0 = Debug|Win32
		{A93E2B08-9E4C-4451-92A4-EE24EB8A5D57}.Release|Any CPU.ActiveCfg = Release|x64
		{A93E2B08-9E4C-4451-92A4-EE24EB8A5D57}.Release|Any CPU.Build.0 = Release|x64
		{A93E2B08-9E4C-4451-92A4-EE24EB8A5D57}.Release|ARM.ActiveCfg = Release|x64
		{A93E2B08-9E4C-4451-92A4-EE24EB8A5D57}.Release|ARM.Build.0 = Release|x64
		{A93E2B08-9E4C-4451-92A4-EE24EB8A5D57}.Release|ARM64.ActiveCfg = Release|x64
		{A93E2B08-9E4C-4451-92A4-EE24EB8A5D57}.Release|ARM64.Build.0 = Release|x64
		{A93E2B08-9E4C-4451-92A4-EE24EB8A5D57}.Release|x64.ActiveCfg = Release|x64
		{A93E2B08-9E4C-4451-92A4-EE24EB8A5D57}.Release|x64.Build.0 = Release|x64
		{A93E2B08-9E4C-4451-92A4-EE24EB8A5D57}.Release|x86.ActiveCfg = Release|Win32
		{A93E2B08-9E4C-4451-92A4-EE24EB8A5D57}.Release|x86.Build.0 = Release|Win32
	EndGlobalSection
	GlobalSection(SolutionProperties) = preSolution
		HideSolutionNode = FALSE
	EndGlobalSection
	GlobalSection(ExtensibilityGlobals) = postSolution
		SolutionGuid = {68A83653-BE05-451C-8B53-E4827153574D}
	EndGlobalSection
EndGlobal
